// !$*UTF8*$!
{
	archiveVersion = 1;
	classes = {
	};
	objectVersion = 56;
	objects = {

/* Begin PBXBuildFile section */
		8804F91F2B4805A100E19B7A /* LibraryView.swift in Sources */ = {isa = PBXBuildFile; fileRef = 8804F91E2B4805A100E19B7A /* LibraryView.swift */; };
		8808D8232B4AF9FF00B4FF11 /* OutlineToggleStyle.swift in Sources */ = {isa = PBXBuildFile; fileRef = 8808D8222B4AF9FF00B4FF11 /* OutlineToggleStyle.swift */; };
		8808D8252B4B02E300B4FF11 /* SpeedControlView.swift in Sources */ = {isa = PBXBuildFile; fileRef = 8808D8242B4B02E300B4FF11 /* SpeedControlView.swift */; };
		88143EB72B4A7FFE00829E13 /* CacheAsyncImage.swift in Sources */ = {isa = PBXBuildFile; fileRef = 88143EB62B4A7FFE00829E13 /* CacheAsyncImage.swift */; };
		881DBDEC2B4D22770082BEFB /* NavigationManager.swift in Sources */ = {isa = PBXBuildFile; fileRef = 881DBDEB2B4D22770082BEFB /* NavigationManager.swift */; };
		88250C612B49273100174C8D /* Date.swift in Sources */ = {isa = PBXBuildFile; fileRef = 88250C602B49273100174C8D /* Date.swift */; };
		8845F0152B500E8A0086AA98 /* AllVideosView.swift in Sources */ = {isa = PBXBuildFile; fileRef = 8845F0142B500E8A0086AA98 /* AllVideosView.swift */; };
		8845F0172B5054570086AA98 /* Chapter.swift in Sources */ = {isa = PBXBuildFile; fileRef = 8845F0162B5054570086AA98 /* Chapter.swift */; };
		8845F0192B50648D0086AA98 /* ChapterSelection.swift in Sources */ = {isa = PBXBuildFile; fileRef = 8845F0182B50648D0086AA98 /* ChapterSelection.swift */; };
		886E79B72B46E0F900554E1F /* QueueView.swift in Sources */ = {isa = PBXBuildFile; fileRef = 886E79B62B46E0F900554E1F /* QueueView.swift */; };
		886E79BA2B46FFD300554E1F /* Color.swift in Sources */ = {isa = PBXBuildFile; fileRef = 886E79B92B46FFD300554E1F /* Color.swift */; };
		887AC8C62B49368F00512852 /* QueueEntry.swift in Sources */ = {isa = PBXBuildFile; fileRef = 887AC8C52B49368F00512852 /* QueueEntry.swift */; };
		887AC8CA2B4955B200512852 /* WatchEntry.swift in Sources */ = {isa = PBXBuildFile; fileRef = 887AC8C92B4955B200512852 /* WatchEntry.swift */; };
		887AC8CC2B49584400512852 /* WatchHistoryView.swift in Sources */ = {isa = PBXBuildFile; fileRef = 887AC8CB2B49584400512852 /* WatchHistoryView.swift */; };
		887AC8CE2B4988D000512852 /* InboxView.swift in Sources */ = {isa = PBXBuildFile; fileRef = 887AC8CD2B4988D000512852 /* InboxView.swift */; };
		887AC8D02B498EAE00512852 /* InboxEntry.swift in Sources */ = {isa = PBXBuildFile; fileRef = 887AC8CF2B498EAE00512852 /* InboxEntry.swift */; };
		887AC8D22B499E7B00512852 /* SubscriptionDetailView.swift in Sources */ = {isa = PBXBuildFile; fileRef = 887AC8D12B499E7B00512852 /* SubscriptionDetailView.swift */; };
		887AC8D42B49CECF00512852 /* Localizable.xcstrings in Resources */ = {isa = PBXBuildFile; fileRef = 887AC8D32B49CECF00512852 /* Localizable.xcstrings */; };
		887AC8D62B49D0BE00512852 /* VideoPlacement.swift in Sources */ = {isa = PBXBuildFile; fileRef = 887AC8D52B49D0BE00512852 /* VideoPlacement.swift */; };
		887CA9452B52E72700E344EC /* AppShortcutsProvider.swift in Sources */ = {isa = PBXBuildFile; fileRef = 887CA9442B52E72700E344EC /* AppShortcutsProvider.swift */; };
		8891F0AD2B4E7E170098A3FB /* VideoActor.swift in Sources */ = {isa = PBXBuildFile; fileRef = 8891F0AC2B4E7E170098A3FB /* VideoActor.swift */; };
		8891F0B02B4E9F330098A3FB /* String.swift in Sources */ = {isa = PBXBuildFile; fileRef = 8891F0AF2B4E9F330098A3FB /* String.swift */; };
		8891F0B22B4E9F4E0098A3FB /* SubscriptionService.swift in Sources */ = {isa = PBXBuildFile; fileRef = 8891F0B12B4E9F4E0098A3FB /* SubscriptionService.swift */; };
		8891F0B42B4EF3610098A3FB /* SideloadingView.swift in Sources */ = {isa = PBXBuildFile; fileRef = 8891F0B32B4EF3610098A3FB /* SideloadingView.swift */; };
		8891F0B62B4F03B40098A3FB /* YoutubeDataAPI.swift in Sources */ = {isa = PBXBuildFile; fileRef = 8891F0B52B4F03B30098A3FB /* YoutubeDataAPI.swift */; };
		8891F0B82B4F3E080098A3FB /* Collection.swift in Sources */ = {isa = PBXBuildFile; fileRef = 8891F0B72B4F3E080098A3FB /* Collection.swift */; };
		8891F0BA2B4F54940098A3FB /* Double.swift in Sources */ = {isa = PBXBuildFile; fileRef = 8891F0B92B4F54940098A3FB /* Double.swift */; };
		8898B6772B480C3700348D01 /* AddSubscriptionView.swift in Sources */ = {isa = PBXBuildFile; fileRef = 8898B6762B480C3700348D01 /* AddSubscriptionView.swift */; };
		8898B6792B481F2100348D01 /* SubscriptionActor.swift in Sources */ = {isa = PBXBuildFile; fileRef = 8898B6782B481F2100348D01 /* SubscriptionActor.swift */; };
		8898B67B2B481F5D00348D01 /* Subscription.swift in Sources */ = {isa = PBXBuildFile; fileRef = 8898B67A2B481F5D00348D01 /* Subscription.swift */; };
		8898B67F2B483D6F00348D01 /* SubscriptionListItem.swift in Sources */ = {isa = PBXBuildFile; fileRef = 8898B67E2B483D6F00348D01 /* SubscriptionListItem.swift */; };
		8898B6822B48466700348D01 /* VideoCrawlerError.swift in Sources */ = {isa = PBXBuildFile; fileRef = 8898B6812B48466700348D01 /* VideoCrawlerError.swift */; };
		8898B6842B4846D000348D01 /* SubscriptionError.swift in Sources */ = {isa = PBXBuildFile; fileRef = 8898B6832B4846D000348D01 /* SubscriptionError.swift */; };
		88ADE8212B4ACCF6002F86F7 /* VideoStatus.swift in Sources */ = {isa = PBXBuildFile; fileRef = 88ADE8202B4ACCF6002F86F7 /* VideoStatus.swift */; };
		88ADE8232B4ADCC3002F86F7 /* BackgroundPlaceholder.swift in Sources */ = {isa = PBXBuildFile; fileRef = 88ADE8222B4ADCC3002F86F7 /* BackgroundPlaceholder.swift */; };
		88C205282B516D2A008EC51D /* ChapterListItem.swift in Sources */ = {isa = PBXBuildFile; fileRef = 88C205272B516D2A008EC51D /* ChapterListItem.swift */; };
		88C2052A2B517732008EC51D /* ChapterManager.swift in Sources */ = {isa = PBXBuildFile; fileRef = 88C205292B517732008EC51D /* ChapterManager.swift */; };
		88C572332B53C8BD002FF07E /* SettingsView.swift in Sources */ = {isa = PBXBuildFile; fileRef = 88C572322B53C8BD002FF07E /* SettingsView.swift */; };
		88D438A52B45ACD800482F29 /* YoutubeWebViewPlayer.swift in Sources */ = {isa = PBXBuildFile; fileRef = 88D438A42B45ACD800482F29 /* YoutubeWebViewPlayer.swift */; };
		88D438A72B45ADBD00482F29 /* RSSParserDelegate.swift in Sources */ = {isa = PBXBuildFile; fileRef = 88D438A62B45ADBD00482F29 /* RSSParserDelegate.swift */; };
		88D438A92B45B27600482F29 /* VideoPlayer.swift in Sources */ = {isa = PBXBuildFile; fileRef = 88D438A82B45B27600482F29 /* VideoPlayer.swift */; };
		88DFC0AF2B44843A001895C8 /* UnwatchedApp.swift in Sources */ = {isa = PBXBuildFile; fileRef = 88DFC0AE2B44843A001895C8 /* UnwatchedApp.swift */; };
		88DFC0B12B44843A001895C8 /* ContentView.swift in Sources */ = {isa = PBXBuildFile; fileRef = 88DFC0B02B44843A001895C8 /* ContentView.swift */; };
		88DFC0B52B44843C001895C8 /* Assets.xcassets in Resources */ = {isa = PBXBuildFile; fileRef = 88DFC0B42B44843C001895C8 /* Assets.xcassets */; };
		88DFC0B92B44843C001895C8 /* Preview Assets.xcassets in Resources */ = {isa = PBXBuildFile; fileRef = 88DFC0B82B44843C001895C8 /* Preview Assets.xcassets */; };
		88DFC0C02B4489C2001895C8 /* VideoListItem.swift in Sources */ = {isa = PBXBuildFile; fileRef = 88DFC0BF2B4489C2001895C8 /* VideoListItem.swift */; };
		88DFC0C22B4489F3001895C8 /* Video.swift in Sources */ = {isa = PBXBuildFile; fileRef = 88DFC0C12B4489F3001895C8 /* Video.swift */; };
		88DFC0C62B448C01001895C8 /* VideoService.swift in Sources */ = {isa = PBXBuildFile; fileRef = 88DFC0C52B448C01001895C8 /* VideoService.swift */; };
		88DFC0C82B448C2E001895C8 /* VideoCrawler.swift in Sources */ = {isa = PBXBuildFile; fileRef = 88DFC0C72B448C2E001895C8 /* VideoCrawler.swift */; };
/* End PBXBuildFile section */

/* Begin PBXFileReference section */
		8804F91E2B4805A100E19B7A /* LibraryView.swift */ = {isa = PBXFileReference; lastKnownFileType = sourcecode.swift; path = LibraryView.swift; sourceTree = "<group>"; };
		8808D8222B4AF9FF00B4FF11 /* OutlineToggleStyle.swift */ = {isa = PBXFileReference; lastKnownFileType = sourcecode.swift; path = OutlineToggleStyle.swift; sourceTree = "<group>"; };
		8808D8242B4B02E300B4FF11 /* SpeedControlView.swift */ = {isa = PBXFileReference; lastKnownFileType = sourcecode.swift; path = SpeedControlView.swift; sourceTree = "<group>"; };
		88143EB62B4A7FFE00829E13 /* CacheAsyncImage.swift */ = {isa = PBXFileReference; lastKnownFileType = sourcecode.swift; path = CacheAsyncImage.swift; sourceTree = "<group>"; };
		881DBDEB2B4D22770082BEFB /* NavigationManager.swift */ = {isa = PBXFileReference; lastKnownFileType = sourcecode.swift; path = NavigationManager.swift; sourceTree = "<group>"; };
		88250C602B49273100174C8D /* Date.swift */ = {isa = PBXFileReference; lastKnownFileType = sourcecode.swift; path = Date.swift; sourceTree = "<group>"; };
		8845F0142B500E8A0086AA98 /* AllVideosView.swift */ = {isa = PBXFileReference; lastKnownFileType = sourcecode.swift; path = AllVideosView.swift; sourceTree = "<group>"; };
		8845F0162B5054570086AA98 /* Chapter.swift */ = {isa = PBXFileReference; lastKnownFileType = sourcecode.swift; path = Chapter.swift; sourceTree = "<group>"; };
		8845F0182B50648D0086AA98 /* ChapterSelection.swift */ = {isa = PBXFileReference; lastKnownFileType = sourcecode.swift; path = ChapterSelection.swift; sourceTree = "<group>"; };
		886E79B62B46E0F900554E1F /* QueueView.swift */ = {isa = PBXFileReference; lastKnownFileType = sourcecode.swift; path = QueueView.swift; sourceTree = "<group>"; };
		886E79B92B46FFD300554E1F /* Color.swift */ = {isa = PBXFileReference; lastKnownFileType = sourcecode.swift; path = Color.swift; sourceTree = "<group>"; };
		887AC8C52B49368F00512852 /* QueueEntry.swift */ = {isa = PBXFileReference; lastKnownFileType = sourcecode.swift; path = QueueEntry.swift; sourceTree = "<group>"; };
		887AC8C92B4955B200512852 /* WatchEntry.swift */ = {isa = PBXFileReference; lastKnownFileType = sourcecode.swift; path = WatchEntry.swift; sourceTree = "<group>"; };
		887AC8CB2B49584400512852 /* WatchHistoryView.swift */ = {isa = PBXFileReference; lastKnownFileType = sourcecode.swift; path = WatchHistoryView.swift; sourceTree = "<group>"; };
		887AC8CD2B4988D000512852 /* InboxView.swift */ = {isa = PBXFileReference; lastKnownFileType = sourcecode.swift; path = InboxView.swift; sourceTree = "<group>"; };
		887AC8CF2B498EAE00512852 /* InboxEntry.swift */ = {isa = PBXFileReference; lastKnownFileType = sourcecode.swift; path = InboxEntry.swift; sourceTree = "<group>"; };
		887AC8D12B499E7B00512852 /* SubscriptionDetailView.swift */ = {isa = PBXFileReference; lastKnownFileType = sourcecode.swift; path = SubscriptionDetailView.swift; sourceTree = "<group>"; };
		887AC8D32B49CECF00512852 /* Localizable.xcstrings */ = {isa = PBXFileReference; lastKnownFileType = text.json.xcstrings; path = Localizable.xcstrings; sourceTree = "<group>"; };
		887AC8D52B49D0BE00512852 /* VideoPlacement.swift */ = {isa = PBXFileReference; lastKnownFileType = sourcecode.swift; path = VideoPlacement.swift; sourceTree = "<group>"; };
		887CA9442B52E72700E344EC /* AppShortcutsProvider.swift */ = {isa = PBXFileReference; lastKnownFileType = sourcecode.swift; path = AppShortcutsProvider.swift; sourceTree = "<group>"; };
		8891F0AC2B4E7E170098A3FB /* VideoActor.swift */ = {isa = PBXFileReference; lastKnownFileType = sourcecode.swift; path = VideoActor.swift; sourceTree = "<group>"; };
		8891F0AF2B4E9F330098A3FB /* String.swift */ = {isa = PBXFileReference; lastKnownFileType = sourcecode.swift; path = String.swift; sourceTree = "<group>"; };
		8891F0B12B4E9F4E0098A3FB /* SubscriptionService.swift */ = {isa = PBXFileReference; lastKnownFileType = sourcecode.swift; path = SubscriptionService.swift; sourceTree = "<group>"; };
		8891F0B32B4EF3610098A3FB /* SideloadingView.swift */ = {isa = PBXFileReference; lastKnownFileType = sourcecode.swift; path = SideloadingView.swift; sourceTree = "<group>"; };
		8891F0B52B4F03B30098A3FB /* YoutubeDataAPI.swift */ = {isa = PBXFileReference; lastKnownFileType = sourcecode.swift; path = YoutubeDataAPI.swift; sourceTree = "<group>"; };
		8891F0B72B4F3E080098A3FB /* Collection.swift */ = {isa = PBXFileReference; lastKnownFileType = sourcecode.swift; path = Collection.swift; sourceTree = "<group>"; };
		8891F0B92B4F54940098A3FB /* Double.swift */ = {isa = PBXFileReference; lastKnownFileType = sourcecode.swift; path = Double.swift; sourceTree = "<group>"; };
		8898B6762B480C3700348D01 /* AddSubscriptionView.swift */ = {isa = PBXFileReference; lastKnownFileType = sourcecode.swift; path = AddSubscriptionView.swift; sourceTree = "<group>"; };
		8898B6782B481F2100348D01 /* SubscriptionActor.swift */ = {isa = PBXFileReference; lastKnownFileType = sourcecode.swift; path = SubscriptionActor.swift; sourceTree = "<group>"; };
		8898B67A2B481F5D00348D01 /* Subscription.swift */ = {isa = PBXFileReference; lastKnownFileType = sourcecode.swift; path = Subscription.swift; sourceTree = "<group>"; };
		8898B67E2B483D6F00348D01 /* SubscriptionListItem.swift */ = {isa = PBXFileReference; lastKnownFileType = sourcecode.swift; path = SubscriptionListItem.swift; sourceTree = "<group>"; };
		8898B6812B48466700348D01 /* VideoCrawlerError.swift */ = {isa = PBXFileReference; lastKnownFileType = sourcecode.swift; path = VideoCrawlerError.swift; sourceTree = "<group>"; };
		8898B6832B4846D000348D01 /* SubscriptionError.swift */ = {isa = PBXFileReference; lastKnownFileType = sourcecode.swift; path = SubscriptionError.swift; sourceTree = "<group>"; };
		88ADE8202B4ACCF6002F86F7 /* VideoStatus.swift */ = {isa = PBXFileReference; lastKnownFileType = sourcecode.swift; path = VideoStatus.swift; sourceTree = "<group>"; };
		88ADE8222B4ADCC3002F86F7 /* BackgroundPlaceholder.swift */ = {isa = PBXFileReference; lastKnownFileType = sourcecode.swift; path = BackgroundPlaceholder.swift; sourceTree = "<group>"; };
		88C205272B516D2A008EC51D /* ChapterListItem.swift */ = {isa = PBXFileReference; lastKnownFileType = sourcecode.swift; path = ChapterListItem.swift; sourceTree = "<group>"; };
		88C205292B517732008EC51D /* ChapterManager.swift */ = {isa = PBXFileReference; lastKnownFileType = sourcecode.swift; path = ChapterManager.swift; sourceTree = "<group>"; };
		88C572322B53C8BD002FF07E /* SettingsView.swift */ = {isa = PBXFileReference; lastKnownFileType = sourcecode.swift; path = SettingsView.swift; sourceTree = "<group>"; };
		88D438A42B45ACD800482F29 /* YoutubeWebViewPlayer.swift */ = {isa = PBXFileReference; lastKnownFileType = sourcecode.swift; path = YoutubeWebViewPlayer.swift; sourceTree = "<group>"; };
		88D438A62B45ADBD00482F29 /* RSSParserDelegate.swift */ = {isa = PBXFileReference; lastKnownFileType = sourcecode.swift; path = RSSParserDelegate.swift; sourceTree = "<group>"; };
		88D438A82B45B27600482F29 /* VideoPlayer.swift */ = {isa = PBXFileReference; lastKnownFileType = sourcecode.swift; path = VideoPlayer.swift; sourceTree = "<group>"; };
		88D438AA2B45C3D700482F29 /* Info.plist */ = {isa = PBXFileReference; lastKnownFileType = text.plist; path = Info.plist; sourceTree = "<group>"; };
		88DFC0AB2B44843A001895C8 /* Unwatched.app */ = {isa = PBXFileReference; explicitFileType = wrapper.application; includeInIndex = 0; path = Unwatched.app; sourceTree = BUILT_PRODUCTS_DIR; };
		88DFC0AE2B44843A001895C8 /* UnwatchedApp.swift */ = {isa = PBXFileReference; lastKnownFileType = sourcecode.swift; path = UnwatchedApp.swift; sourceTree = "<group>"; };
		88DFC0B02B44843A001895C8 /* ContentView.swift */ = {isa = PBXFileReference; lastKnownFileType = sourcecode.swift; path = ContentView.swift; sourceTree = "<group>"; };
		88DFC0B42B44843C001895C8 /* Assets.xcassets */ = {isa = PBXFileReference; lastKnownFileType = folder.assetcatalog; path = Assets.xcassets; sourceTree = "<group>"; };
		88DFC0B62B44843C001895C8 /* Unwatched.entitlements */ = {isa = PBXFileReference; lastKnownFileType = text.plist.entitlements; path = Unwatched.entitlements; sourceTree = "<group>"; };
		88DFC0B82B44843C001895C8 /* Preview Assets.xcassets */ = {isa = PBXFileReference; lastKnownFileType = folder.assetcatalog; path = "Preview Assets.xcassets"; sourceTree = "<group>"; };
		88DFC0BF2B4489C2001895C8 /* VideoListItem.swift */ = {isa = PBXFileReference; lastKnownFileType = sourcecode.swift; path = VideoListItem.swift; sourceTree = "<group>"; };
		88DFC0C12B4489F3001895C8 /* Video.swift */ = {isa = PBXFileReference; lastKnownFileType = sourcecode.swift; path = Video.swift; sourceTree = "<group>"; };
		88DFC0C52B448C01001895C8 /* VideoService.swift */ = {isa = PBXFileReference; lastKnownFileType = sourcecode.swift; path = VideoService.swift; sourceTree = "<group>"; };
		88DFC0C72B448C2E001895C8 /* VideoCrawler.swift */ = {isa = PBXFileReference; lastKnownFileType = sourcecode.swift; path = VideoCrawler.swift; sourceTree = "<group>"; };
/* End PBXFileReference section */

/* Begin PBXFrameworksBuildPhase section */
		88DFC0A82B44843A001895C8 /* Frameworks */ = {
			isa = PBXFrameworksBuildPhase;
			buildActionMask = 2147483647;
			files = (
			);
			runOnlyForDeploymentPostprocessing = 0;
		};
/* End PBXFrameworksBuildPhase section */

/* Begin PBXGroup section */
		88143EB52B4A7FEF00829E13 /* Helper */ = {
			isa = PBXGroup;
			children = (
				88143EB62B4A7FFE00829E13 /* CacheAsyncImage.swift */,
				88ADE8222B4ADCC3002F86F7 /* BackgroundPlaceholder.swift */,
				8808D8222B4AF9FF00B4FF11 /* OutlineToggleStyle.swift */,
				881DBDEB2B4D22770082BEFB /* NavigationManager.swift */,
				88C205292B517732008EC51D /* ChapterManager.swift */,
			);
			path = Helper;
			sourceTree = "<group>";
		};
		886E79B82B46FFC700554E1F /* Extensions */ = {
			isa = PBXGroup;
			children = (
				886E79B92B46FFD300554E1F /* Color.swift */,
				88250C602B49273100174C8D /* Date.swift */,
				8891F0AF2B4E9F330098A3FB /* String.swift */,
				8891F0B72B4F3E080098A3FB /* Collection.swift */,
				8891F0B92B4F54940098A3FB /* Double.swift */,
			);
			path = Extensions;
			sourceTree = "<group>";
		};
		8891F0AE2B4E7F070098A3FB /* Data */ = {
			isa = PBXGroup;
			children = (
				88DFC0C52B448C01001895C8 /* VideoService.swift */,
				8891F0B12B4E9F4E0098A3FB /* SubscriptionService.swift */,
				8891F0AC2B4E7E170098A3FB /* VideoActor.swift */,
				8898B6782B481F2100348D01 /* SubscriptionActor.swift */,
				88DFC0C72B448C2E001895C8 /* VideoCrawler.swift */,
				88D438A62B45ADBD00482F29 /* RSSParserDelegate.swift */,
				8891F0B52B4F03B30098A3FB /* YoutubeDataAPI.swift */,
			);
			path = Data;
			sourceTree = "<group>";
		};
		8898B6802B48464000348D01 /* Errors */ = {
			isa = PBXGroup;
			children = (
				8898B6812B48466700348D01 /* VideoCrawlerError.swift */,
				8898B6832B4846D000348D01 /* SubscriptionError.swift */,
			);
			path = Errors;
			sourceTree = "<group>";
		};
		88DFC0A22B44843A001895C8 = {
			isa = PBXGroup;
			children = (
				88DFC0AD2B44843A001895C8 /* Unwatched */,
				88DFC0AC2B44843A001895C8 /* Products */,
			);
			sourceTree = "<group>";
		};
		88DFC0AC2B44843A001895C8 /* Products */ = {
			isa = PBXGroup;
			children = (
				88DFC0AB2B44843A001895C8 /* Unwatched.app */,
			);
			name = Products;
			sourceTree = "<group>";
		};
		88DFC0AD2B44843A001895C8 /* Unwatched */ = {
			isa = PBXGroup;
			children = (
				88D438AA2B45C3D700482F29 /* Info.plist */,
				88143EB52B4A7FEF00829E13 /* Helper */,
				8898B6802B48464000348D01 /* Errors */,
				886E79B82B46FFC700554E1F /* Extensions */,
				88DFC0C42B448ABF001895C8 /* View */,
				88DFC0C32B448AB0001895C8 /* Model */,
				8891F0AE2B4E7F070098A3FB /* Data */,
				88DFC0AE2B44843A001895C8 /* UnwatchedApp.swift */,
				887CA9442B52E72700E344EC /* AppShortcutsProvider.swift */,
				88DFC0B42B44843C001895C8 /* Assets.xcassets */,
				88DFC0B62B44843C001895C8 /* Unwatched.entitlements */,
				88DFC0B72B44843C001895C8 /* Preview Content */,
				887AC8D32B49CECF00512852 /* Localizable.xcstrings */,
			);
			path = Unwatched;
			sourceTree = "<group>";
		};
		88DFC0B72B44843C001895C8 /* Preview Content */ = {
			isa = PBXGroup;
			children = (
				88DFC0B82B44843C001895C8 /* Preview Assets.xcassets */,
			);
			path = "Preview Content";
			sourceTree = "<group>";
		};
		88DFC0C32B448AB0001895C8 /* Model */ = {
			isa = PBXGroup;
			children = (
				88DFC0C12B4489F3001895C8 /* Video.swift */,
				8898B67A2B481F5D00348D01 /* Subscription.swift */,
				8845F0162B5054570086AA98 /* Chapter.swift */,
				887AC8C52B49368F00512852 /* QueueEntry.swift */,
				887AC8C92B4955B200512852 /* WatchEntry.swift */,
				887AC8CF2B498EAE00512852 /* InboxEntry.swift */,
				887AC8D52B49D0BE00512852 /* VideoPlacement.swift */,
				88ADE8202B4ACCF6002F86F7 /* VideoStatus.swift */,
			);
			path = Model;
			sourceTree = "<group>";
		};
		88DFC0C42B448ABF001895C8 /* View */ = {
			isa = PBXGroup;
			children = (
				88DFC0B02B44843A001895C8 /* ContentView.swift */,
				88DFC0BF2B4489C2001895C8 /* VideoListItem.swift */,
				8891F0B32B4EF3610098A3FB /* SideloadingView.swift */,
				88D438A42B45ACD800482F29 /* YoutubeWebViewPlayer.swift */,
				88C572322B53C8BD002FF07E /* SettingsView.swift */,
				88D438A82B45B27600482F29 /* VideoPlayer.swift */,
				8845F0182B50648D0086AA98 /* ChapterSelection.swift */,
				88C205272B516D2A008EC51D /* ChapterListItem.swift */,
				8845F0142B500E8A0086AA98 /* AllVideosView.swift */,
				886E79B62B46E0F900554E1F /* QueueView.swift */,
				8804F91E2B4805A100E19B7A /* LibraryView.swift */,
				8898B6762B480C3700348D01 /* AddSubscriptionView.swift */,
				8898B67E2B483D6F00348D01 /* SubscriptionListItem.swift */,
				887AC8CB2B49584400512852 /* WatchHistoryView.swift */,
				887AC8CD2B4988D000512852 /* InboxView.swift */,
				887AC8D12B499E7B00512852 /* SubscriptionDetailView.swift */,
				8808D8242B4B02E300B4FF11 /* SpeedControlView.swift */,
			);
			path = View;
			sourceTree = "<group>";
		};
/* End PBXGroup section */

/* Begin PBXNativeTarget section */
		88DFC0AA2B44843A001895C8 /* Unwatched */ = {
			isa = PBXNativeTarget;
			buildConfigurationList = 88DFC0BC2B44843C001895C8 /* Build configuration list for PBXNativeTarget "Unwatched" */;
			buildPhases = (
				88DFC0A72B44843A001895C8 /* Sources */,
				88DFC0A82B44843A001895C8 /* Frameworks */,
				88DFC0A92B44843A001895C8 /* Resources */,
				886E79BB2B4701F600554E1F /* ShellScript */,
			);
			buildRules = (
			);
			dependencies = (
			);
			name = Unwatched;
			productName = Unwatched;
			productReference = 88DFC0AB2B44843A001895C8 /* Unwatched.app */;
			productType = "com.apple.product-type.application";
		};
/* End PBXNativeTarget section */

/* Begin PBXProject section */
		88DFC0A32B44843A001895C8 /* Project object */ = {
			isa = PBXProject;
			attributes = {
				BuildIndependentTargetsInParallel = 1;
				LastSwiftUpdateCheck = 1510;
				LastUpgradeCheck = 1510;
				TargetAttributes = {
					88DFC0AA2B44843A001895C8 = {
						CreatedOnToolsVersion = 15.1;
					};
				};
			};
			buildConfigurationList = 88DFC0A62B44843A001895C8 /* Build configuration list for PBXProject "Unwatched" */;
			compatibilityVersion = "Xcode 14.0";
			developmentRegion = en;
			hasScannedForEncodings = 0;
			knownRegions = (
				en,
				Base,
			);
			mainGroup = 88DFC0A22B44843A001895C8;
			productRefGroup = 88DFC0AC2B44843A001895C8 /* Products */;
			projectDirPath = "";
			projectRoot = "";
			targets = (
				88DFC0AA2B44843A001895C8 /* Unwatched */,
			);
		};
/* End PBXProject section */

/* Begin PBXResourcesBuildPhase section */
		88DFC0A92B44843A001895C8 /* Resources */ = {
			isa = PBXResourcesBuildPhase;
			buildActionMask = 2147483647;
			files = (
				88DFC0B92B44843C001895C8 /* Preview Assets.xcassets in Resources */,
				88DFC0B52B44843C001895C8 /* Assets.xcassets in Resources */,
				887AC8D42B49CECF00512852 /* Localizable.xcstrings in Resources */,
			);
			runOnlyForDeploymentPostprocessing = 0;
		};
/* End PBXResourcesBuildPhase section */

/* Begin PBXShellScriptBuildPhase section */
		886E79BB2B4701F600554E1F /* ShellScript */ = {
			isa = PBXShellScriptBuildPhase;
			alwaysOutOfDate = 1;
			buildActionMask = 2147483647;
			files = (
			);
			inputFileListPaths = (
			);
			inputPaths = (
			);
			outputFileListPaths = (
			);
			outputPaths = (
			);
			runOnlyForDeploymentPostprocessing = 0;
			shellPath = /bin/zsh;
			shellScript = "if test -d \"/opt/homebrew/bin/\"; then\n  PATH=\"/opt/homebrew/bin/:${PATH}\"\nfi\n\nexport PATH\n\nif which swiftlint >/dev/null; then\n    swiftlint --fix --format && swiftlint\nelse\n  echo \"warning: SwiftLint not installed, download from https://github.com/realm/SwiftLint\"\nfi\n\n\n";
		};
/* End PBXShellScriptBuildPhase section */

/* Begin PBXSourcesBuildPhase section */
		88DFC0A72B44843A001895C8 /* Sources */ = {
			isa = PBXSourcesBuildPhase;
			buildActionMask = 2147483647;
			files = (
				88DFC0C82B448C2E001895C8 /* VideoCrawler.swift in Sources */,
				88DFC0C02B4489C2001895C8 /* VideoListItem.swift in Sources */,
				8898B6772B480C3700348D01 /* AddSubscriptionView.swift in Sources */,
				886E79BA2B46FFD300554E1F /* Color.swift in Sources */,
				8891F0BA2B4F54940098A3FB /* Double.swift in Sources */,
				88D438A72B45ADBD00482F29 /* RSSParserDelegate.swift in Sources */,
				887AC8D62B49D0BE00512852 /* VideoPlacement.swift in Sources */,
				8891F0B22B4E9F4E0098A3FB /* SubscriptionService.swift in Sources */,
				8891F0B82B4F3E080098A3FB /* Collection.swift in Sources */,
				8898B67F2B483D6F00348D01 /* SubscriptionListItem.swift in Sources */,
				8808D8232B4AF9FF00B4FF11 /* OutlineToggleStyle.swift in Sources */,
				887AC8D22B499E7B00512852 /* SubscriptionDetailView.swift in Sources */,
				8898B6822B48466700348D01 /* VideoCrawlerError.swift in Sources */,
				8898B6842B4846D000348D01 /* SubscriptionError.swift in Sources */,
				8845F0172B5054570086AA98 /* Chapter.swift in Sources */,
				8804F91F2B4805A100E19B7A /* LibraryView.swift in Sources */,
				881DBDEC2B4D22770082BEFB /* NavigationManager.swift in Sources */,
				88DFC0B12B44843A001895C8 /* ContentView.swift in Sources */,
				8891F0B02B4E9F330098A3FB /* String.swift in Sources */,
				8808D8252B4B02E300B4FF11 /* SpeedControlView.swift in Sources */,
				887AC8D02B498EAE00512852 /* InboxEntry.swift in Sources */,
				8891F0B62B4F03B40098A3FB /* YoutubeDataAPI.swift in Sources */,
				88ADE8212B4ACCF6002F86F7 /* VideoStatus.swift in Sources */,
				88DFC0C62B448C01001895C8 /* VideoService.swift in Sources */,
				88DFC0AF2B44843A001895C8 /* UnwatchedApp.swift in Sources */,
				887AC8CE2B4988D000512852 /* InboxView.swift in Sources */,
				887AC8CC2B49584400512852 /* WatchHistoryView.swift in Sources */,
				88C572332B53C8BD002FF07E /* SettingsView.swift in Sources */,
				8898B67B2B481F5D00348D01 /* Subscription.swift in Sources */,
				88DFC0C22B4489F3001895C8 /* Video.swift in Sources */,
				8845F0152B500E8A0086AA98 /* AllVideosView.swift in Sources */,
				8845F0192B50648D0086AA98 /* ChapterSelection.swift in Sources */,
				8898B6792B481F2100348D01 /* SubscriptionActor.swift in Sources */,
				88D438A52B45ACD800482F29 /* YoutubeWebViewPlayer.swift in Sources */,
				88250C612B49273100174C8D /* Date.swift in Sources */,
				887AC8CA2B4955B200512852 /* WatchEntry.swift in Sources */,
				8891F0AD2B4E7E170098A3FB /* VideoActor.swift in Sources */,
				886E79B72B46E0F900554E1F /* QueueView.swift in Sources */,
				88C2052A2B517732008EC51D /* ChapterManager.swift in Sources */,
				887AC8C62B49368F00512852 /* QueueEntry.swift in Sources */,
				887CA9452B52E72700E344EC /* AppShortcutsProvider.swift in Sources */,
				88143EB72B4A7FFE00829E13 /* CacheAsyncImage.swift in Sources */,
				8891F0B42B4EF3610098A3FB /* SideloadingView.swift in Sources */,
				88D438A92B45B27600482F29 /* VideoPlayer.swift in Sources */,
				88ADE8232B4ADCC3002F86F7 /* BackgroundPlaceholder.swift in Sources */,
				88C205282B516D2A008EC51D /* ChapterListItem.swift in Sources */,
			);
			runOnlyForDeploymentPostprocessing = 0;
		};
/* End PBXSourcesBuildPhase section */

/* Begin XCBuildConfiguration section */
		88DFC0BA2B44843C001895C8 /* Debug */ = {
			isa = XCBuildConfiguration;
			buildSettings = {
				ALWAYS_SEARCH_USER_PATHS = NO;
				ASSETCATALOG_COMPILER_GENERATE_SWIFT_ASSET_SYMBOL_EXTENSIONS = YES;
				CLANG_ANALYZER_NONNULL = YES;
				CLANG_ANALYZER_NUMBER_OBJECT_CONVERSION = YES_AGGRESSIVE;
				CLANG_CXX_LANGUAGE_STANDARD = "gnu++20";
				CLANG_ENABLE_MODULES = YES;
				CLANG_ENABLE_OBJC_ARC = YES;
				CLANG_ENABLE_OBJC_WEAK = YES;
				CLANG_WARN_BLOCK_CAPTURE_AUTORELEASING = YES;
				CLANG_WARN_BOOL_CONVERSION = YES;
				CLANG_WARN_COMMA = YES;
				CLANG_WARN_CONSTANT_CONVERSION = YES;
				CLANG_WARN_DEPRECATED_OBJC_IMPLEMENTATIONS = YES;
				CLANG_WARN_DIRECT_OBJC_ISA_USAGE = YES_ERROR;
				CLANG_WARN_DOCUMENTATION_COMMENTS = YES;
				CLANG_WARN_EMPTY_BODY = YES;
				CLANG_WARN_ENUM_CONVERSION = YES;
				CLANG_WARN_INFINITE_RECURSION = YES;
				CLANG_WARN_INT_CONVERSION = YES;
				CLANG_WARN_NON_LITERAL_NULL_CONVERSION = YES;
				CLANG_WARN_OBJC_IMPLICIT_RETAIN_SELF = YES;
				CLANG_WARN_OBJC_LITERAL_CONVERSION = YES;
				CLANG_WARN_OBJC_ROOT_CLASS = YES_ERROR;
				CLANG_WARN_QUOTED_INCLUDE_IN_FRAMEWORK_HEADER = YES;
				CLANG_WARN_RANGE_LOOP_ANALYSIS = YES;
				CLANG_WARN_STRICT_PROTOTYPES = YES;
				CLANG_WARN_SUSPICIOUS_MOVE = YES;
				CLANG_WARN_UNGUARDED_AVAILABILITY = YES_AGGRESSIVE;
				CLANG_WARN_UNREACHABLE_CODE = YES;
				CLANG_WARN__DUPLICATE_METHOD_MATCH = YES;
				COPY_PHASE_STRIP = NO;
				DEBUG_INFORMATION_FORMAT = dwarf;
				ENABLE_STRICT_OBJC_MSGSEND = YES;
				ENABLE_TESTABILITY = YES;
				ENABLE_USER_SCRIPT_SANDBOXING = YES;
				GCC_C_LANGUAGE_STANDARD = gnu17;
				GCC_DYNAMIC_NO_PIC = NO;
				GCC_NO_COMMON_BLOCKS = YES;
				GCC_OPTIMIZATION_LEVEL = 0;
				GCC_PREPROCESSOR_DEFINITIONS = (
					"DEBUG=1",
					"$(inherited)",
				);
				GCC_WARN_64_TO_32_BIT_CONVERSION = YES;
				GCC_WARN_ABOUT_RETURN_TYPE = YES_ERROR;
				GCC_WARN_UNDECLARED_SELECTOR = YES;
				GCC_WARN_UNINITIALIZED_AUTOS = YES_AGGRESSIVE;
				GCC_WARN_UNUSED_FUNCTION = YES;
				GCC_WARN_UNUSED_VARIABLE = YES;
				IPHONEOS_DEPLOYMENT_TARGET = 17.2;
				LOCALIZATION_PREFERS_STRING_CATALOGS = YES;
				MTL_ENABLE_DEBUG_INFO = INCLUDE_SOURCE;
				MTL_FAST_MATH = YES;
				ONLY_ACTIVE_ARCH = YES;
				SWIFT_ACTIVE_COMPILATION_CONDITIONS = "DEBUG $(inherited)";
				SWIFT_OPTIMIZATION_LEVEL = "-Onone";
			};
			name = Debug;
		};
		88DFC0BB2B44843C001895C8 /* Release */ = {
			isa = XCBuildConfiguration;
			buildSettings = {
				ALWAYS_SEARCH_USER_PATHS = NO;
				ASSETCATALOG_COMPILER_GENERATE_SWIFT_ASSET_SYMBOL_EXTENSIONS = YES;
				CLANG_ANALYZER_NONNULL = YES;
				CLANG_ANALYZER_NUMBER_OBJECT_CONVERSION = YES_AGGRESSIVE;
				CLANG_CXX_LANGUAGE_STANDARD = "gnu++20";
				CLANG_ENABLE_MODULES = YES;
				CLANG_ENABLE_OBJC_ARC = YES;
				CLANG_ENABLE_OBJC_WEAK = YES;
				CLANG_WARN_BLOCK_CAPTURE_AUTORELEASING = YES;
				CLANG_WARN_BOOL_CONVERSION = YES;
				CLANG_WARN_COMMA = YES;
				CLANG_WARN_CONSTANT_CONVERSION = YES;
				CLANG_WARN_DEPRECATED_OBJC_IMPLEMENTATIONS = YES;
				CLANG_WARN_DIRECT_OBJC_ISA_USAGE = YES_ERROR;
				CLANG_WARN_DOCUMENTATION_COMMENTS = YES;
				CLANG_WARN_EMPTY_BODY = YES;
				CLANG_WARN_ENUM_CONVERSION = YES;
				CLANG_WARN_INFINITE_RECURSION = YES;
				CLANG_WARN_INT_CONVERSION = YES;
				CLANG_WARN_NON_LITERAL_NULL_CONVERSION = YES;
				CLANG_WARN_OBJC_IMPLICIT_RETAIN_SELF = YES;
				CLANG_WARN_OBJC_LITERAL_CONVERSION = YES;
				CLANG_WARN_OBJC_ROOT_CLASS = YES_ERROR;
				CLANG_WARN_QUOTED_INCLUDE_IN_FRAMEWORK_HEADER = YES;
				CLANG_WARN_RANGE_LOOP_ANALYSIS = YES;
				CLANG_WARN_STRICT_PROTOTYPES = YES;
				CLANG_WARN_SUSPICIOUS_MOVE = YES;
				CLANG_WARN_UNGUARDED_AVAILABILITY = YES_AGGRESSIVE;
				CLANG_WARN_UNREACHABLE_CODE = YES;
				CLANG_WARN__DUPLICATE_METHOD_MATCH = YES;
				COPY_PHASE_STRIP = NO;
				DEBUG_INFORMATION_FORMAT = "dwarf-with-dsym";
				ENABLE_NS_ASSERTIONS = NO;
				ENABLE_STRICT_OBJC_MSGSEND = YES;
				ENABLE_USER_SCRIPT_SANDBOXING = YES;
				GCC_C_LANGUAGE_STANDARD = gnu17;
				GCC_NO_COMMON_BLOCKS = YES;
				GCC_WARN_64_TO_32_BIT_CONVERSION = YES;
				GCC_WARN_ABOUT_RETURN_TYPE = YES_ERROR;
				GCC_WARN_UNDECLARED_SELECTOR = YES;
				GCC_WARN_UNINITIALIZED_AUTOS = YES_AGGRESSIVE;
				GCC_WARN_UNUSED_FUNCTION = YES;
				GCC_WARN_UNUSED_VARIABLE = YES;
				IPHONEOS_DEPLOYMENT_TARGET = 17.2;
				LOCALIZATION_PREFERS_STRING_CATALOGS = YES;
				MTL_ENABLE_DEBUG_INFO = NO;
				MTL_FAST_MATH = YES;
				SWIFT_COMPILATION_MODE = wholemodule;
			};
			name = Release;
		};
		88DFC0BD2B44843C001895C8 /* Debug */ = {
			isa = XCBuildConfiguration;
			buildSettings = {
				ASSETCATALOG_COMPILER_APPICON_NAME = AppIcon;
				ASSETCATALOG_COMPILER_GLOBAL_ACCENT_COLOR_NAME = AccentColor;
				CODE_SIGN_ENTITLEMENTS = Unwatched/Unwatched.entitlements;
				CODE_SIGN_STYLE = Automatic;
				CURRENT_PROJECT_VERSION = 1;
				DEVELOPMENT_ASSET_PATHS = "\"Unwatched/Preview Content\"";
				DEVELOPMENT_TEAM = HU6B6E9383;
				ENABLE_HARDENED_RUNTIME = YES;
				ENABLE_PREVIEWS = YES;
				ENABLE_USER_SCRIPT_SANDBOXING = NO;
				GENERATE_INFOPLIST_FILE = YES;
				INFOPLIST_FILE = Unwatched/Info.plist;
				"INFOPLIST_KEY_UIApplicationSceneManifest_Generation[sdk=iphoneos*]" = YES;
				"INFOPLIST_KEY_UIApplicationSceneManifest_Generation[sdk=iphonesimulator*]" = YES;
				"INFOPLIST_KEY_UIApplicationSupportsIndirectInputEvents[sdk=iphoneos*]" = YES;
				"INFOPLIST_KEY_UIApplicationSupportsIndirectInputEvents[sdk=iphonesimulator*]" = YES;
				"INFOPLIST_KEY_UILaunchScreen_Generation[sdk=iphoneos*]" = YES;
				"INFOPLIST_KEY_UILaunchScreen_Generation[sdk=iphonesimulator*]" = YES;
				"INFOPLIST_KEY_UIStatusBarStyle[sdk=iphoneos*]" = UIStatusBarStyleDefault;
				"INFOPLIST_KEY_UIStatusBarStyle[sdk=iphonesimulator*]" = UIStatusBarStyleDefault;
				INFOPLIST_KEY_UISupportedInterfaceOrientations = UIInterfaceOrientationPortrait;
				INFOPLIST_KEY_UISupportedInterfaceOrientations_iPad = "UIInterfaceOrientationLandscapeLeft UIInterfaceOrientationLandscapeRight UIInterfaceOrientationPortrait UIInterfaceOrientationPortraitUpsideDown";
				IPHONEOS_DEPLOYMENT_TARGET = 17.2;
				LD_RUNPATH_SEARCH_PATHS = "@executable_path/Frameworks";
				"LD_RUNPATH_SEARCH_PATHS[sdk=macosx*]" = "@executable_path/../Frameworks";
				MACOSX_DEPLOYMENT_TARGET = 14.0;
				MARKETING_VERSION = 1.0;
				PRODUCT_BUNDLE_IDENTIFIER = com.pentandFirth.Unwatched;
				PRODUCT_NAME = "$(TARGET_NAME)";
				SDKROOT = auto;
				SUPPORTED_PLATFORMS = "iphoneos iphonesimulator macosx";
				SWIFT_EMIT_LOC_STRINGS = YES;
				SWIFT_STRICT_CONCURRENCY = complete;
				SWIFT_VERSION = 5.0;
				TARGETED_DEVICE_FAMILY = "1,2";
			};
			name = Debug;
		};
		88DFC0BE2B44843C001895C8 /* Release */ = {
			isa = XCBuildConfiguration;
			buildSettings = {
				ASSETCATALOG_COMPILER_APPICON_NAME = AppIcon;
				ASSETCATALOG_COMPILER_GLOBAL_ACCENT_COLOR_NAME = AccentColor;
				CODE_SIGN_ENTITLEMENTS = Unwatched/Unwatched.entitlements;
				CODE_SIGN_STYLE = Automatic;
				CURRENT_PROJECT_VERSION = 1;
				DEVELOPMENT_ASSET_PATHS = "\"Unwatched/Preview Content\"";
				DEVELOPMENT_TEAM = HU6B6E9383;
				ENABLE_HARDENED_RUNTIME = YES;
				ENABLE_PREVIEWS = YES;
				ENABLE_USER_SCRIPT_SANDBOXING = NO;
				GENERATE_INFOPLIST_FILE = YES;
				INFOPLIST_FILE = Unwatched/Info.plist;
				"INFOPLIST_KEY_UIApplicationSceneManifest_Generation[sdk=iphoneos*]" = YES;
				"INFOPLIST_KEY_UIApplicationSceneManifest_Generation[sdk=iphonesimulator*]" = YES;
				"INFOPLIST_KEY_UIApplicationSupportsIndirectInputEvents[sdk=iphoneos*]" = YES;
				"INFOPLIST_KEY_UIApplicationSupportsIndirectInputEvents[sdk=iphonesimulator*]" = YES;
				"INFOPLIST_KEY_UILaunchScreen_Generation[sdk=iphoneos*]" = YES;
				"INFOPLIST_KEY_UILaunchScreen_Generation[sdk=iphonesimulator*]" = YES;
				"INFOPLIST_KEY_UIStatusBarStyle[sdk=iphoneos*]" = UIStatusBarStyleDefault;
				"INFOPLIST_KEY_UIStatusBarStyle[sdk=iphonesimulator*]" = UIStatusBarStyleDefault;
				INFOPLIST_KEY_UISupportedInterfaceOrientations = UIInterfaceOrientationPortrait;
				INFOPLIST_KEY_UISupportedInterfaceOrientations_iPad = "UIInterfaceOrientationLandscapeLeft UIInterfaceOrientationLandscapeRight UIInterfaceOrientationPortrait UIInterfaceOrientationPortraitUpsideDown";
				IPHONEOS_DEPLOYMENT_TARGET = 17.2;
				LD_RUNPATH_SEARCH_PATHS = "@executable_path/Frameworks";
				"LD_RUNPATH_SEARCH_PATHS[sdk=macosx*]" = "@executable_path/../Frameworks";
				MACOSX_DEPLOYMENT_TARGET = 14.0;
				MARKETING_VERSION = 1.0;
				PRODUCT_BUNDLE_IDENTIFIER = com.pentandFirth.Unwatched;
				PRODUCT_NAME = "$(TARGET_NAME)";
				SDKROOT = auto;
				SUPPORTED_PLATFORMS = "iphoneos iphonesimulator macosx";
				SWIFT_EMIT_LOC_STRINGS = YES;
				SWIFT_STRICT_CONCURRENCY = complete;
				SWIFT_VERSION = 5.0;
				TARGETED_DEVICE_FAMILY = "1,2";
			};
			name = Release;
		};
/* End XCBuildConfiguration section */

/* Begin XCConfigurationList section */
		88DFC0A62B44843A001895C8 /* Build configuration list for PBXProject "Unwatched" */ = {
			isa = XCConfigurationList;
			buildConfigurations = (
				88DFC0BA2B44843C001895C8 /* Debug */,
				88DFC0BB2B44843C001895C8 /* Release */,
			);
			defaultConfigurationIsVisible = 0;
			defaultConfigurationName = Release;
		};
		88DFC0BC2B44843C001895C8 /* Build configuration list for PBXNativeTarget "Unwatched" */ = {
			isa = XCConfigurationList;
			buildConfigurations = (
				88DFC0BD2B44843C001895C8 /* Debug */,
				88DFC0BE2B44843C001895C8 /* Release */,
			);
			defaultConfigurationIsVisible = 0;
			defaultConfigurationName = Release;
		};
/* End XCConfigurationList section */
	};
	rootObject = 88DFC0A32B44843A001895C8 /* Project object */;
}
