// !$*UTF8*$!
{
	archiveVersion = 1;
	classes = {
	};
	objectVersion = 56;
	objects = {

/* Begin PBXBuildFile section */
		88017FD72B96161B00192AEA /* DebugView.swift in Sources */ = {isa = PBXBuildFile; fileRef = 88017FD62B96161B00192AEA /* DebugView.swift */; };
		8804A3ED2B8B6B5B00D3F4F1 /* DescriptionDetailView.swift in Sources */ = {isa = PBXBuildFile; fileRef = 8804A3EC2B8B6B5B00D3F4F1 /* DescriptionDetailView.swift */; };
		8804A3EF2B8B88A000D3F4F1 /* VideoListItemDetails.swift in Sources */ = {isa = PBXBuildFile; fileRef = 8804A3EE2B8B88A000D3F4F1 /* VideoListItemDetails.swift */; };
		8804A3F22B8B898000D3F4F1 /* VideoListItemStatus.swift in Sources */ = {isa = PBXBuildFile; fileRef = 8804A3F12B8B898000D3F4F1 /* VideoListItemStatus.swift */; };
		8804A3F42B8B8D6E00D3F4F1 /* VideoPlayerFooter.swift in Sources */ = {isa = PBXBuildFile; fileRef = 8804A3F32B8B8D6E00D3F4F1 /* VideoPlayerFooter.swift */; };
		8804A3F72B8B96FF00D3F4F1 /* PlayerManager+Chapters.swift in Sources */ = {isa = PBXBuildFile; fileRef = 8804A3F62B8B96FF00D3F4F1 /* PlayerManager+Chapters.swift */; };
		8804F91F2B4805A100E19B7A /* LibraryView.swift in Sources */ = {isa = PBXBuildFile; fileRef = 8804F91E2B4805A100E19B7A /* LibraryView.swift */; };
		8808A9112B928CD8004D7CE2 /* ChapterList.swift in Sources */ = {isa = PBXBuildFile; fileRef = 8808A9102B928CD8004D7CE2 /* ChapterList.swift */; };
		8808A9152B937C66004D7CE2 /* PresentationDetent.swift in Sources */ = {isa = PBXBuildFile; fileRef = 8808A9142B937C66004D7CE2 /* PresentationDetent.swift */; };
		8808A9172B93CDBA004D7CE2 /* NotificationManager.swift in Sources */ = {isa = PBXBuildFile; fileRef = 8808A9162B93CDBA004D7CE2 /* NotificationManager.swift */; };
		8808A9192B95116A004D7CE2 /* NewVideosNotificationInfo.swift in Sources */ = {isa = PBXBuildFile; fileRef = 8808A9182B95116A004D7CE2 /* NewVideosNotificationInfo.swift */; };
		8808D8232B4AF9FF00B4FF11 /* OutlineToggleStyle.swift in Sources */ = {isa = PBXBuildFile; fileRef = 8808D8222B4AF9FF00B4FF11 /* OutlineToggleStyle.swift */; };
		8808D8252B4B02E300B4FF11 /* SpeedControlView.swift in Sources */ = {isa = PBXBuildFile; fileRef = 8808D8242B4B02E300B4FF11 /* SpeedControlView.swift */; };
		8811A4A72B540D8100799CB2 /* DataController.swift in Sources */ = {isa = PBXBuildFile; fileRef = 8811A4A62B540D8100799CB2 /* DataController.swift */; };
		8813465E2B88A2A3005A4790 /* ChannelInfo.swift in Sources */ = {isa = PBXBuildFile; fileRef = 8813465D2B88A2A3005A4790 /* ChannelInfo.swift */; };
		881346602B88C988005A4790 /* CachedImageHolder.swift in Sources */ = {isa = PBXBuildFile; fileRef = 8813465F2B88C988005A4790 /* CachedImageHolder.swift */; };
		881DBDEC2B4D22770082BEFB /* NavigationManager.swift in Sources */ = {isa = PBXBuildFile; fileRef = 881DBDEB2B4D22770082BEFB /* NavigationManager.swift */; };
		881E51372B59CAFF006384E4 /* AppConstants.swift in Sources */ = {isa = PBXBuildFile; fileRef = 881E51362B59CAFF006384E4 /* AppConstants.swift */; };
		881E51392B59D555006384E4 /* LibraryNavListItem.swift in Sources */ = {isa = PBXBuildFile; fileRef = 881E51382B59D555006384E4 /* LibraryNavListItem.swift */; };
		881E513B2B59D577006384E4 /* SubscriptionSorting.swift in Sources */ = {isa = PBXBuildFile; fileRef = 881E513A2B59D577006384E4 /* SubscriptionSorting.swift */; };
		881E513D2B59D5A3006384E4 /* SubscriptionStateView.swift in Sources */ = {isa = PBXBuildFile; fileRef = 881E513C2B59D5A3006384E4 /* SubscriptionStateView.swift */; };
		881E513F2B59D9A8006384E4 /* Task.swift in Sources */ = {isa = PBXBuildFile; fileRef = 881E513E2B59D9A8006384E4 /* Task.swift */; };
		881E51422B5A6446006384E4 /* ShortsDetection.swift in Sources */ = {isa = PBXBuildFile; fileRef = 881E51412B5A6446006384E4 /* ShortsDetection.swift */; };
		881E51442B5A75AD006384E4 /* SubscriptionListView.swift in Sources */ = {isa = PBXBuildFile; fileRef = 881E51432B5A75AD006384E4 /* SubscriptionListView.swift */; };
		8823EB762B54FB510010A12F /* apiKey.swift in Sources */ = {isa = PBXBuildFile; fileRef = 8823EB752B54FB510010A12F /* apiKey.swift */; };
		8823EB782B5519C60010A12F /* SubStateOverview.swift in Sources */ = {isa = PBXBuildFile; fileRef = 8823EB772B5519C60010A12F /* SubStateOverview.swift */; };
		88250C612B49273100174C8D /* Date.swift in Sources */ = {isa = PBXBuildFile; fileRef = 88250C602B49273100174C8D /* Date.swift */; };
		883327FF2B8DB286001B3895 /* AsyncButton.swift in Sources */ = {isa = PBXBuildFile; fileRef = 883327FE2B8DB286001B3895 /* AsyncButton.swift */; };
		883CA8062B5A8FFA00028D52 /* VideoListView.swift in Sources */ = {isa = PBXBuildFile; fileRef = 883CA8052B5A8FFA00028D52 /* VideoListView.swift */; };
		883CA8082B5AE47E00028D52 /* MenuView.swift in Sources */ = {isa = PBXBuildFile; fileRef = 883CA8072B5AE47E00028D52 /* MenuView.swift */; };
		883CA80A2B5AFB4100028D52 /* CapsuleButtonStyle.swift in Sources */ = {isa = PBXBuildFile; fileRef = 883CA8092B5AFB4100028D52 /* CapsuleButtonStyle.swift */; };
		883CA8112B5AFE8B00028D52 /* MiniPlayerView.swift in Sources */ = {isa = PBXBuildFile; fileRef = 883CA8102B5AFE8B00028D52 /* MiniPlayerView.swift */; };
		883CA8132B5B382900028D52 /* RefreshToolbarButton.swift in Sources */ = {isa = PBXBuildFile; fileRef = 883CA8122B5B382900028D52 /* RefreshToolbarButton.swift */; };
		883CA8152B5B907000028D52 /* InnerHeightPreferenceChange.swift in Sources */ = {isa = PBXBuildFile; fileRef = 883CA8142B5B907000028D52 /* InnerHeightPreferenceChange.swift */; };
		883CA8172B5BA94900028D52 /* SheetPositionReader.swift in Sources */ = {isa = PBXBuildFile; fileRef = 883CA8162B5BA94900028D52 /* SheetPositionReader.swift */; };
		883CA8192B5BB2FB00028D52 /* ChapterMiniControlView.swift in Sources */ = {isa = PBXBuildFile; fileRef = 883CA8182B5BB2FB00028D52 /* ChapterMiniControlView.swift */; };
		883CA81B2B5BC81600028D52 /* RefreshManager.swift in Sources */ = {isa = PBXBuildFile; fileRef = 883CA81A2B5BC81600028D52 /* RefreshManager.swift */; };
		883CA81E2B5BD3ED00028D52 /* SubscribeManager.swift in Sources */ = {isa = PBXBuildFile; fileRef = 883CA81D2B5BD3ED00028D52 /* SubscribeManager.swift */; };
		883EE0962B7ABD5700D0A83A /* SleepTimerViewModel.swift in Sources */ = {isa = PBXBuildFile; fileRef = 883EE0952B7ABD5700D0A83A /* SleepTimerViewModel.swift */; };
		883EE0982B7B422A00D0A83A /* AsyncSharableUrl.swift in Sources */ = {isa = PBXBuildFile; fileRef = 883EE0972B7B422A00D0A83A /* AsyncSharableUrl.swift */; };
		8845F0152B500E8A0086AA98 /* AllVideosView.swift in Sources */ = {isa = PBXBuildFile; fileRef = 8845F0142B500E8A0086AA98 /* AllVideosView.swift */; };
		8845F0172B5054570086AA98 /* Chapter.swift in Sources */ = {isa = PBXBuildFile; fileRef = 8845F0162B5054570086AA98 /* Chapter.swift */; };
		8845F0192B50648D0086AA98 /* ChapterDescriptionView.swift in Sources */ = {isa = PBXBuildFile; fileRef = 8845F0182B50648D0086AA98 /* ChapterDescriptionView.swift */; };
		88632AF32B64FC0300C93F82 /* UserDataService.swift in Sources */ = {isa = PBXBuildFile; fileRef = 88632AF22B64FC0300C93F82 /* UserDataService.swift */; };
		88632AF52B64FD8200C93F82 /* BackupView.swift in Sources */ = {isa = PBXBuildFile; fileRef = 88632AF42B64FD8200C93F82 /* BackupView.swift */; };
		886E79B72B46E0F900554E1F /* QueueView.swift in Sources */ = {isa = PBXBuildFile; fileRef = 886E79B62B46E0F900554E1F /* QueueView.swift */; };
		886E79BA2B46FFD300554E1F /* Color.swift in Sources */ = {isa = PBXBuildFile; fileRef = 886E79B92B46FFD300554E1F /* Color.swift */; };
		887AC8C62B49368F00512852 /* QueueEntry.swift in Sources */ = {isa = PBXBuildFile; fileRef = 887AC8C52B49368F00512852 /* QueueEntry.swift */; };
		887AC8CA2B4955B200512852 /* WatchEntry.swift in Sources */ = {isa = PBXBuildFile; fileRef = 887AC8C92B4955B200512852 /* WatchEntry.swift */; };
		887AC8CC2B49584400512852 /* WatchHistoryView.swift in Sources */ = {isa = PBXBuildFile; fileRef = 887AC8CB2B49584400512852 /* WatchHistoryView.swift */; };
		887AC8CE2B4988D000512852 /* InboxView.swift in Sources */ = {isa = PBXBuildFile; fileRef = 887AC8CD2B4988D000512852 /* InboxView.swift */; };
		887AC8D02B498EAE00512852 /* InboxEntry.swift in Sources */ = {isa = PBXBuildFile; fileRef = 887AC8CF2B498EAE00512852 /* InboxEntry.swift */; };
		887AC8D22B499E7B00512852 /* SubscriptionDetailView.swift in Sources */ = {isa = PBXBuildFile; fileRef = 887AC8D12B499E7B00512852 /* SubscriptionDetailView.swift */; };
		887AC8D42B49CECF00512852 /* Localizable.xcstrings in Resources */ = {isa = PBXBuildFile; fileRef = 887AC8D32B49CECF00512852 /* Localizable.xcstrings */; };
		887AC8D62B49D0BE00512852 /* VideoPlacement.swift in Sources */ = {isa = PBXBuildFile; fileRef = 887AC8D52B49D0BE00512852 /* VideoPlacement.swift */; };
		887CA9452B52E72700E344EC /* AppShortcutsProvider.swift in Sources */ = {isa = PBXBuildFile; fileRef = 887CA9442B52E72700E344EC /* AppShortcutsProvider.swift */; };
		887E72922B91ED9500928946 /* FullscreenPlayerControls.swift in Sources */ = {isa = PBXBuildFile; fileRef = 887E72912B91ED9500928946 /* FullscreenPlayerControls.swift */; };
		887E72942B91F6D400928946 /* NextVideoButton.swift in Sources */ = {isa = PBXBuildFile; fileRef = 887E72932B91F6D400928946 /* NextVideoButton.swift */; };
		887E72962B92219C00928946 /* DismissToolbarButton.swift in Sources */ = {isa = PBXBuildFile; fileRef = 887E72952B92219C00928946 /* DismissToolbarButton.swift */; };
		8880D6CB2B95BEE900E76E20 /* AppDelegate.swift in Sources */ = {isa = PBXBuildFile; fileRef = 8880D6CA2B95BEE900E76E20 /* AppDelegate.swift */; };
		888322522B872EE1004E2DE4 /* BrowserUrl.swift in Sources */ = {isa = PBXBuildFile; fileRef = 888322512B872EE1004E2DE4 /* BrowserUrl.swift */; };
		888C49BE2B5EADCA00CDEC76 /* YtBrowserTip.swift in Sources */ = {isa = PBXBuildFile; fileRef = 888C49BD2B5EADCA00CDEC76 /* YtBrowserTip.swift */; };
		888C49C02B5EC53C00CDEC76 /* KeyboardReadable.swift in Sources */ = {isa = PBXBuildFile; fileRef = 888C49BF2B5EC53C00CDEC76 /* KeyboardReadable.swift */; };
		888C49C22B5F288F00CDEC76 /* Binding.swift in Sources */ = {isa = PBXBuildFile; fileRef = 888C49C12B5F288F00CDEC76 /* Binding.swift */; };
		888C49C52B5FA75700CDEC76 /* UrlService.swift in Sources */ = {isa = PBXBuildFile; fileRef = 888C49C42B5FA75700CDEC76 /* UrlService.swift */; };
		888C49C72B5FBF4E00CDEC76 /* SubscriptionInfoDetails.swift in Sources */ = {isa = PBXBuildFile; fileRef = 888C49C62B5FBF4E00CDEC76 /* SubscriptionInfoDetails.swift */; };
		888C49CB2B602B4500CDEC76 /* CapsulePicker.swift in Sources */ = {isa = PBXBuildFile; fileRef = 888C49CA2B602B4500CDEC76 /* CapsulePicker.swift */; };
		888E1E002B7000DA00608F99 /* BookmarkedVideosView.swift in Sources */ = {isa = PBXBuildFile; fileRef = 888E1DFF2B7000DA00608F99 /* BookmarkedVideosView.swift */; };
		888E1E042B70E84A00608F99 /* AnimationCompletionCallback.swift in Sources */ = {isa = PBXBuildFile; fileRef = 888E1E032B70E84A00608F99 /* AnimationCompletionCallback.swift */; };
		8891F0AD2B4E7E170098A3FB /* VideoActor+Videos.swift in Sources */ = {isa = PBXBuildFile; fileRef = 8891F0AC2B4E7E170098A3FB /* VideoActor+Videos.swift */; };
		8891F0B02B4E9F330098A3FB /* String.swift in Sources */ = {isa = PBXBuildFile; fileRef = 8891F0AF2B4E9F330098A3FB /* String.swift */; };
		8891F0B22B4E9F4E0098A3FB /* SubscriptionService.swift in Sources */ = {isa = PBXBuildFile; fileRef = 8891F0B12B4E9F4E0098A3FB /* SubscriptionService.swift */; };
		8891F0B42B4EF3610098A3FB /* SideloadingView.swift in Sources */ = {isa = PBXBuildFile; fileRef = 8891F0B32B4EF3610098A3FB /* SideloadingView.swift */; };
		8891F0B62B4F03B40098A3FB /* YoutubeDataAPI.swift in Sources */ = {isa = PBXBuildFile; fileRef = 8891F0B52B4F03B30098A3FB /* YoutubeDataAPI.swift */; };
		8891F0B82B4F3E080098A3FB /* Collection.swift in Sources */ = {isa = PBXBuildFile; fileRef = 8891F0B72B4F3E080098A3FB /* Collection.swift */; };
		8891F0BA2B4F54940098A3FB /* Double.swift in Sources */ = {isa = PBXBuildFile; fileRef = 8891F0B92B4F54940098A3FB /* Double.swift */; };
		8898B6772B480C3700348D01 /* AddSubscriptionView.swift in Sources */ = {isa = PBXBuildFile; fileRef = 8898B6762B480C3700348D01 /* AddSubscriptionView.swift */; };
		8898B6792B481F2100348D01 /* SubscriptionActor.swift in Sources */ = {isa = PBXBuildFile; fileRef = 8898B6782B481F2100348D01 /* SubscriptionActor.swift */; };
		8898B67B2B481F5D00348D01 /* Subscription.swift in Sources */ = {isa = PBXBuildFile; fileRef = 8898B67A2B481F5D00348D01 /* Subscription.swift */; };
		8898B67F2B483D6F00348D01 /* SubscriptionListItem.swift in Sources */ = {isa = PBXBuildFile; fileRef = 8898B67E2B483D6F00348D01 /* SubscriptionListItem.swift */; };
		8898B6822B48466700348D01 /* VideoCrawlerError.swift in Sources */ = {isa = PBXBuildFile; fileRef = 8898B6812B48466700348D01 /* VideoCrawlerError.swift */; };
		8898B6842B4846D000348D01 /* SubscriptionError.swift in Sources */ = {isa = PBXBuildFile; fileRef = 8898B6832B4846D000348D01 /* SubscriptionError.swift */; };
		88AD06672B74ADE900151B07 /* AddToLibraryView.swift in Sources */ = {isa = PBXBuildFile; fileRef = 88AD06662B74ADE900151B07 /* AddToLibraryView.swift */; };
		88AEB5D72B98A69300A2FF0D /* Logger.swift in Sources */ = {isa = PBXBuildFile; fileRef = 88AEB5D62B98A69300A2FF0D /* Logger.swift */; };
		88BABABC2B6290AC001FA0A4 /* CachedImage.swift in Sources */ = {isa = PBXBuildFile; fileRef = 88BABABB2B6290AC001FA0A4 /* CachedImage.swift */; };
		88BABABE2B62932C001FA0A4 /* CachedImageView.swift in Sources */ = {isa = PBXBuildFile; fileRef = 88BABABD2B62932C001FA0A4 /* CachedImageView.swift */; };
		88BABAC02B629505001FA0A4 /* ImageService.swift in Sources */ = {isa = PBXBuildFile; fileRef = 88BABABF2B629505001FA0A4 /* ImageService.swift */; };
		88BABAC22B630EF8001FA0A4 /* ImageCacheManager.swift in Sources */ = {isa = PBXBuildFile; fileRef = 88BABAC12B630EF8001FA0A4 /* ImageCacheManager.swift */; };
		88BDC3A32B76A9BF00656D63 /* SetupView.swift in Sources */ = {isa = PBXBuildFile; fileRef = 88BDC3A22B76A9BF00656D63 /* SetupView.swift */; };
		88BDC3A72B78172C00656D63 /* ImportSubscriptionsView.swift in Sources */ = {isa = PBXBuildFile; fileRef = 88BDC3A62B78172C00656D63 /* ImportSubscriptionsView.swift */; };
		88BDC3AB2B79F0DE00656D63 /* SleepTimer.swift in Sources */ = {isa = PBXBuildFile; fileRef = 88BDC3AA2B79F0DE00656D63 /* SleepTimer.swift */; };
		88BE6C2F2B72089000456777 /* YouTubePlayerView.swift in Sources */ = {isa = PBXBuildFile; fileRef = 88BE6C2E2B72089000456777 /* YouTubePlayerView.swift */; };
		88BE6C312B723B9900456777 /* PlayerWebView.swift in Sources */ = {isa = PBXBuildFile; fileRef = 88BE6C302B723B9900456777 /* PlayerWebView.swift */; };
		88C205282B516D2A008EC51D /* ChapterListItem.swift in Sources */ = {isa = PBXBuildFile; fileRef = 88C205272B516D2A008EC51D /* ChapterListItem.swift */; };
		88C2052A2B517732008EC51D /* PlayerManager.swift in Sources */ = {isa = PBXBuildFile; fileRef = 88C205292B517732008EC51D /* PlayerManager.swift */; };
		88C572332B53C8BD002FF07E /* SettingsView.swift in Sources */ = {isa = PBXBuildFile; fileRef = 88C572322B53C8BD002FF07E /* SettingsView.swift */; };
		88CEDA202B6641C6000E3E98 /* Exportable.swift in Sources */ = {isa = PBXBuildFile; fileRef = 88CEDA1F2B6641C6000E3E98 /* Exportable.swift */; };
		88D29AE72B751B6900BDBFDF /* VideoSorting.swift in Sources */ = {isa = PBXBuildFile; fileRef = 88D29AE62B751B6900BDBFDF /* VideoSorting.swift */; };
		88D29AED2B757E5700BDBFDF /* DebouncedText.swift in Sources */ = {isa = PBXBuildFile; fileRef = 88D29AEC2B757E5700BDBFDF /* DebouncedText.swift */; };
		88D29AEF2B757E7300BDBFDF /* SearchableVideos.swift in Sources */ = {isa = PBXBuildFile; fileRef = 88D29AEE2B757E7300BDBFDF /* SearchableVideos.swift */; };
		88D34D752B58F86800533B74 /* Alerter.swift in Sources */ = {isa = PBXBuildFile; fileRef = 88D34D742B58F86800533B74 /* Alerter.swift */; };
		88D438A52B45ACD800482F29 /* EmbeddedPlayerView.swift in Sources */ = {isa = PBXBuildFile; fileRef = 88D438A42B45ACD800482F29 /* EmbeddedPlayerView.swift */; };
		88D438A72B45ADBD00482F29 /* RSSParserDelegate.swift in Sources */ = {isa = PBXBuildFile; fileRef = 88D438A62B45ADBD00482F29 /* RSSParserDelegate.swift */; };
		88D438A92B45B27600482F29 /* VideoPlayer.swift in Sources */ = {isa = PBXBuildFile; fileRef = 88D438A82B45B27600482F29 /* VideoPlayer.swift */; };
		88D8584D2B559DCC0047E0E6 /* VideoError.swift in Sources */ = {isa = PBXBuildFile; fileRef = 88D8584C2B559DCC0047E0E6 /* VideoError.swift */; };
		88D858502B55AB4D0047E0E6 /* DateTimeConversion.swift in Sources */ = {isa = PBXBuildFile; fileRef = 88D8584F2B55AB4D0047E0E6 /* DateTimeConversion.swift */; };
		88D858532B55ABD50047E0E6 /* YtVideoInfo.swift in Sources */ = {isa = PBXBuildFile; fileRef = 88D858522B55ABD50047E0E6 /* YtVideoInfo.swift */; };
		88D858552B55AC280047E0E6 /* YtChannelInfo.swift in Sources */ = {isa = PBXBuildFile; fileRef = 88D858542B55AC280047E0E6 /* YtChannelInfo.swift */; };
		88D858572B55AC3F0047E0E6 /* YtChannelId.swift in Sources */ = {isa = PBXBuildFile; fileRef = 88D858562B55AC3F0047E0E6 /* YtChannelId.swift */; };
		88D858592B55AC820047E0E6 /* YtErrorResponseBody.swift in Sources */ = {isa = PBXBuildFile; fileRef = 88D858582B55AC820047E0E6 /* YtErrorResponseBody.swift */; };
		88D8585B2B55B0E70047E0E6 /* SendableVideo.swift in Sources */ = {isa = PBXBuildFile; fileRef = 88D8585A2B55B0E70047E0E6 /* SendableVideo.swift */; };
		88DFC0AF2B44843A001895C8 /* UnwatchedApp.swift in Sources */ = {isa = PBXBuildFile; fileRef = 88DFC0AE2B44843A001895C8 /* UnwatchedApp.swift */; };
		88DFC0B12B44843A001895C8 /* ContentView.swift in Sources */ = {isa = PBXBuildFile; fileRef = 88DFC0B02B44843A001895C8 /* ContentView.swift */; };
		88DFC0B52B44843C001895C8 /* Assets.xcassets in Resources */ = {isa = PBXBuildFile; fileRef = 88DFC0B42B44843C001895C8 /* Assets.xcassets */; };
		88DFC0B92B44843C001895C8 /* Preview Assets.xcassets in Resources */ = {isa = PBXBuildFile; fileRef = 88DFC0B82B44843C001895C8 /* Preview Assets.xcassets */; };
		88DFC0C02B4489C2001895C8 /* VideoListItem.swift in Sources */ = {isa = PBXBuildFile; fileRef = 88DFC0BF2B4489C2001895C8 /* VideoListItem.swift */; };
		88DFC0C22B4489F3001895C8 /* Video.swift in Sources */ = {isa = PBXBuildFile; fileRef = 88DFC0C12B4489F3001895C8 /* Video.swift */; };
		88DFC0C62B448C01001895C8 /* VideoService.swift in Sources */ = {isa = PBXBuildFile; fileRef = 88DFC0C52B448C01001895C8 /* VideoService.swift */; };
		88DFC0C82B448C2E001895C8 /* VideoCrawler.swift in Sources */ = {isa = PBXBuildFile; fileRef = 88DFC0C72B448C2E001895C8 /* VideoCrawler.swift */; };
		88EEFDE82B72E12500A1F441 /* InboxTip.swift in Sources */ = {isa = PBXBuildFile; fileRef = 88EEFDE72B72E12500A1F441 /* InboxTip.swift */; };
		88EF34BD2B7C09CE007D33D4 /* VideoActor+Entries.swift in Sources */ = {isa = PBXBuildFile; fileRef = 88EF34BC2B7C09CE007D33D4 /* VideoActor+Entries.swift */; };
		88EF34BF2B7C0B5F007D33D4 /* VideoActor+Subscriptions.swift in Sources */ = {isa = PBXBuildFile; fileRef = 88EF34BE2B7C0B5F007D33D4 /* VideoActor+Subscriptions.swift */; };
		88F1EE4C2B5C48F5009866A0 /* VideoNotAvailableView.swift in Sources */ = {isa = PBXBuildFile; fileRef = 88F1EE4B2B5C48F5009866A0 /* VideoNotAvailableView.swift */; };
		88F1EE4E2B5C6CBC009866A0 /* YtBrowserWebView.swift in Sources */ = {isa = PBXBuildFile; fileRef = 88F1EE4D2B5C6CBC009866A0 /* YtBrowserWebView.swift */; };
		88F1EE502B5D31D6009866A0 /* BrowserManager.swift in Sources */ = {isa = PBXBuildFile; fileRef = 88F1EE4F2B5D31D6009866A0 /* BrowserManager.swift */; };
		88F1EE532B5D3211009866A0 /* BrowserView.swift in Sources */ = {isa = PBXBuildFile; fileRef = 88F1EE522B5D3211009866A0 /* BrowserView.swift */; };
		88FA62D82B8485EA00924959 /* PlayButton.swift in Sources */ = {isa = PBXBuildFile; fileRef = 88FA62D72B8485EA00924959 /* PlayButton.swift */; };
/* End PBXBuildFile section */

/* Begin PBXFileReference section */
		88017FD62B96161B00192AEA /* DebugView.swift */ = {isa = PBXFileReference; lastKnownFileType = sourcecode.swift; path = DebugView.swift; sourceTree = "<group>"; };
		8804A3EC2B8B6B5B00D3F4F1 /* DescriptionDetailView.swift */ = {isa = PBXFileReference; lastKnownFileType = sourcecode.swift; path = DescriptionDetailView.swift; sourceTree = "<group>"; };
		8804A3EE2B8B88A000D3F4F1 /* VideoListItemDetails.swift */ = {isa = PBXFileReference; lastKnownFileType = sourcecode.swift; path = VideoListItemDetails.swift; sourceTree = "<group>"; };
		8804A3F12B8B898000D3F4F1 /* VideoListItemStatus.swift */ = {isa = PBXFileReference; lastKnownFileType = sourcecode.swift; path = VideoListItemStatus.swift; sourceTree = "<group>"; };
		8804A3F32B8B8D6E00D3F4F1 /* VideoPlayerFooter.swift */ = {isa = PBXFileReference; lastKnownFileType = sourcecode.swift; path = VideoPlayerFooter.swift; sourceTree = "<group>"; };
		8804A3F62B8B96FF00D3F4F1 /* PlayerManager+Chapters.swift */ = {isa = PBXFileReference; lastKnownFileType = sourcecode.swift; path = "PlayerManager+Chapters.swift"; sourceTree = "<group>"; };
		8804F91E2B4805A100E19B7A /* LibraryView.swift */ = {isa = PBXFileReference; lastKnownFileType = sourcecode.swift; path = LibraryView.swift; sourceTree = "<group>"; };
		8808A9102B928CD8004D7CE2 /* ChapterList.swift */ = {isa = PBXFileReference; lastKnownFileType = sourcecode.swift; path = ChapterList.swift; sourceTree = "<group>"; };
		8808A9142B937C66004D7CE2 /* PresentationDetent.swift */ = {isa = PBXFileReference; lastKnownFileType = sourcecode.swift; path = PresentationDetent.swift; sourceTree = "<group>"; };
		8808A9162B93CDBA004D7CE2 /* NotificationManager.swift */ = {isa = PBXFileReference; lastKnownFileType = sourcecode.swift; path = NotificationManager.swift; sourceTree = "<group>"; };
		8808A9182B95116A004D7CE2 /* NewVideosNotificationInfo.swift */ = {isa = PBXFileReference; lastKnownFileType = sourcecode.swift; path = NewVideosNotificationInfo.swift; sourceTree = "<group>"; };
		8808D8222B4AF9FF00B4FF11 /* OutlineToggleStyle.swift */ = {isa = PBXFileReference; lastKnownFileType = sourcecode.swift; path = OutlineToggleStyle.swift; sourceTree = "<group>"; };
		8808D8242B4B02E300B4FF11 /* SpeedControlView.swift */ = {isa = PBXFileReference; lastKnownFileType = sourcecode.swift; path = SpeedControlView.swift; sourceTree = "<group>"; };
		8811A4A62B540D8100799CB2 /* DataController.swift */ = {isa = PBXFileReference; lastKnownFileType = sourcecode.swift; path = DataController.swift; sourceTree = "<group>"; };
		8813465D2B88A2A3005A4790 /* ChannelInfo.swift */ = {isa = PBXFileReference; lastKnownFileType = sourcecode.swift; path = ChannelInfo.swift; sourceTree = "<group>"; };
		8813465F2B88C988005A4790 /* CachedImageHolder.swift */ = {isa = PBXFileReference; lastKnownFileType = sourcecode.swift; path = CachedImageHolder.swift; sourceTree = "<group>"; };
		881DBDEB2B4D22770082BEFB /* NavigationManager.swift */ = {isa = PBXFileReference; lastKnownFileType = sourcecode.swift; path = NavigationManager.swift; sourceTree = "<group>"; };
		881E51362B59CAFF006384E4 /* AppConstants.swift */ = {isa = PBXFileReference; lastKnownFileType = sourcecode.swift; path = AppConstants.swift; sourceTree = "<group>"; };
		881E51382B59D555006384E4 /* LibraryNavListItem.swift */ = {isa = PBXFileReference; lastKnownFileType = sourcecode.swift; path = LibraryNavListItem.swift; sourceTree = "<group>"; };
		881E513A2B59D577006384E4 /* SubscriptionSorting.swift */ = {isa = PBXFileReference; lastKnownFileType = sourcecode.swift; path = SubscriptionSorting.swift; sourceTree = "<group>"; };
		881E513C2B59D5A3006384E4 /* SubscriptionStateView.swift */ = {isa = PBXFileReference; lastKnownFileType = sourcecode.swift; path = SubscriptionStateView.swift; sourceTree = "<group>"; };
		881E513E2B59D9A8006384E4 /* Task.swift */ = {isa = PBXFileReference; lastKnownFileType = sourcecode.swift; path = Task.swift; sourceTree = "<group>"; };
		881E51412B5A6446006384E4 /* ShortsDetection.swift */ = {isa = PBXFileReference; lastKnownFileType = sourcecode.swift; path = ShortsDetection.swift; sourceTree = "<group>"; };
		881E51432B5A75AD006384E4 /* SubscriptionListView.swift */ = {isa = PBXFileReference; lastKnownFileType = sourcecode.swift; path = SubscriptionListView.swift; sourceTree = "<group>"; };
		8823EB752B54FB510010A12F /* apiKey.swift */ = {isa = PBXFileReference; lastKnownFileType = sourcecode.swift; path = apiKey.swift; sourceTree = "<group>"; };
		8823EB772B5519C60010A12F /* SubStateOverview.swift */ = {isa = PBXFileReference; lastKnownFileType = sourcecode.swift; path = SubStateOverview.swift; sourceTree = "<group>"; };
		88250C602B49273100174C8D /* Date.swift */ = {isa = PBXFileReference; lastKnownFileType = sourcecode.swift; path = Date.swift; sourceTree = "<group>"; };
		883327FE2B8DB286001B3895 /* AsyncButton.swift */ = {isa = PBXFileReference; lastKnownFileType = sourcecode.swift; path = AsyncButton.swift; sourceTree = "<group>"; };
		883CA8052B5A8FFA00028D52 /* VideoListView.swift */ = {isa = PBXFileReference; lastKnownFileType = sourcecode.swift; path = VideoListView.swift; sourceTree = "<group>"; };
		883CA8072B5AE47E00028D52 /* MenuView.swift */ = {isa = PBXFileReference; lastKnownFileType = sourcecode.swift; path = MenuView.swift; sourceTree = "<group>"; };
		883CA8092B5AFB4100028D52 /* CapsuleButtonStyle.swift */ = {isa = PBXFileReference; lastKnownFileType = sourcecode.swift; path = CapsuleButtonStyle.swift; sourceTree = "<group>"; };
		883CA8102B5AFE8B00028D52 /* MiniPlayerView.swift */ = {isa = PBXFileReference; lastKnownFileType = sourcecode.swift; path = MiniPlayerView.swift; sourceTree = "<group>"; };
		883CA8122B5B382900028D52 /* RefreshToolbarButton.swift */ = {isa = PBXFileReference; lastKnownFileType = sourcecode.swift; path = RefreshToolbarButton.swift; sourceTree = "<group>"; };
		883CA8142B5B907000028D52 /* InnerHeightPreferenceChange.swift */ = {isa = PBXFileReference; lastKnownFileType = sourcecode.swift; path = InnerHeightPreferenceChange.swift; sourceTree = "<group>"; };
		883CA8162B5BA94900028D52 /* SheetPositionReader.swift */ = {isa = PBXFileReference; lastKnownFileType = sourcecode.swift; path = SheetPositionReader.swift; sourceTree = "<group>"; };
		883CA8182B5BB2FB00028D52 /* ChapterMiniControlView.swift */ = {isa = PBXFileReference; lastKnownFileType = sourcecode.swift; path = ChapterMiniControlView.swift; sourceTree = "<group>"; };
		883CA81A2B5BC81600028D52 /* RefreshManager.swift */ = {isa = PBXFileReference; lastKnownFileType = sourcecode.swift; path = RefreshManager.swift; sourceTree = "<group>"; };
		883CA81D2B5BD3ED00028D52 /* SubscribeManager.swift */ = {isa = PBXFileReference; lastKnownFileType = sourcecode.swift; path = SubscribeManager.swift; sourceTree = "<group>"; };
		883EE0952B7ABD5700D0A83A /* SleepTimerViewModel.swift */ = {isa = PBXFileReference; lastKnownFileType = sourcecode.swift; path = SleepTimerViewModel.swift; sourceTree = "<group>"; };
		883EE0972B7B422A00D0A83A /* AsyncSharableUrl.swift */ = {isa = PBXFileReference; lastKnownFileType = sourcecode.swift; path = AsyncSharableUrl.swift; sourceTree = "<group>"; };
		8845F0142B500E8A0086AA98 /* AllVideosView.swift */ = {isa = PBXFileReference; lastKnownFileType = sourcecode.swift; path = AllVideosView.swift; sourceTree = "<group>"; };
		8845F0162B5054570086AA98 /* Chapter.swift */ = {isa = PBXFileReference; lastKnownFileType = sourcecode.swift; path = Chapter.swift; sourceTree = "<group>"; };
		8845F0182B50648D0086AA98 /* ChapterDescriptionView.swift */ = {isa = PBXFileReference; lastKnownFileType = sourcecode.swift; path = ChapterDescriptionView.swift; sourceTree = "<group>"; };
		88632AF22B64FC0300C93F82 /* UserDataService.swift */ = {isa = PBXFileReference; lastKnownFileType = sourcecode.swift; path = UserDataService.swift; sourceTree = "<group>"; };
		88632AF42B64FD8200C93F82 /* BackupView.swift */ = {isa = PBXFileReference; lastKnownFileType = sourcecode.swift; path = BackupView.swift; sourceTree = "<group>"; };
		886E79B62B46E0F900554E1F /* QueueView.swift */ = {isa = PBXFileReference; lastKnownFileType = sourcecode.swift; path = QueueView.swift; sourceTree = "<group>"; };
		886E79B92B46FFD300554E1F /* Color.swift */ = {isa = PBXFileReference; lastKnownFileType = sourcecode.swift; path = Color.swift; sourceTree = "<group>"; };
		887AC8C52B49368F00512852 /* QueueEntry.swift */ = {isa = PBXFileReference; lastKnownFileType = sourcecode.swift; path = QueueEntry.swift; sourceTree = "<group>"; };
		887AC8C92B4955B200512852 /* WatchEntry.swift */ = {isa = PBXFileReference; lastKnownFileType = sourcecode.swift; path = WatchEntry.swift; sourceTree = "<group>"; };
		887AC8CB2B49584400512852 /* WatchHistoryView.swift */ = {isa = PBXFileReference; lastKnownFileType = sourcecode.swift; path = WatchHistoryView.swift; sourceTree = "<group>"; };
		887AC8CD2B4988D000512852 /* InboxView.swift */ = {isa = PBXFileReference; lastKnownFileType = sourcecode.swift; path = InboxView.swift; sourceTree = "<group>"; };
		887AC8CF2B498EAE00512852 /* InboxEntry.swift */ = {isa = PBXFileReference; lastKnownFileType = sourcecode.swift; path = InboxEntry.swift; sourceTree = "<group>"; };
		887AC8D12B499E7B00512852 /* SubscriptionDetailView.swift */ = {isa = PBXFileReference; lastKnownFileType = sourcecode.swift; path = SubscriptionDetailView.swift; sourceTree = "<group>"; };
		887AC8D32B49CECF00512852 /* Localizable.xcstrings */ = {isa = PBXFileReference; lastKnownFileType = text.json.xcstrings; path = Localizable.xcstrings; sourceTree = "<group>"; };
		887AC8D52B49D0BE00512852 /* VideoPlacement.swift */ = {isa = PBXFileReference; lastKnownFileType = sourcecode.swift; path = VideoPlacement.swift; sourceTree = "<group>"; };
		887CA9442B52E72700E344EC /* AppShortcutsProvider.swift */ = {isa = PBXFileReference; lastKnownFileType = sourcecode.swift; path = AppShortcutsProvider.swift; sourceTree = "<group>"; };
		887E72912B91ED9500928946 /* FullscreenPlayerControls.swift */ = {isa = PBXFileReference; lastKnownFileType = sourcecode.swift; path = FullscreenPlayerControls.swift; sourceTree = "<group>"; };
		887E72932B91F6D400928946 /* NextVideoButton.swift */ = {isa = PBXFileReference; lastKnownFileType = sourcecode.swift; path = NextVideoButton.swift; sourceTree = "<group>"; };
		887E72952B92219C00928946 /* DismissToolbarButton.swift */ = {isa = PBXFileReference; lastKnownFileType = sourcecode.swift; path = DismissToolbarButton.swift; sourceTree = "<group>"; };
		8880D6CA2B95BEE900E76E20 /* AppDelegate.swift */ = {isa = PBXFileReference; lastKnownFileType = sourcecode.swift; path = AppDelegate.swift; sourceTree = "<group>"; };
		888322512B872EE1004E2DE4 /* BrowserUrl.swift */ = {isa = PBXFileReference; lastKnownFileType = sourcecode.swift; path = BrowserUrl.swift; sourceTree = "<group>"; };
		888C49BD2B5EADCA00CDEC76 /* YtBrowserTip.swift */ = {isa = PBXFileReference; lastKnownFileType = sourcecode.swift; path = YtBrowserTip.swift; sourceTree = "<group>"; };
		888C49BF2B5EC53C00CDEC76 /* KeyboardReadable.swift */ = {isa = PBXFileReference; lastKnownFileType = sourcecode.swift; path = KeyboardReadable.swift; sourceTree = "<group>"; };
		888C49C12B5F288F00CDEC76 /* Binding.swift */ = {isa = PBXFileReference; lastKnownFileType = sourcecode.swift; path = Binding.swift; sourceTree = "<group>"; };
		888C49C42B5FA75700CDEC76 /* UrlService.swift */ = {isa = PBXFileReference; lastKnownFileType = sourcecode.swift; path = UrlService.swift; sourceTree = "<group>"; };
		888C49C62B5FBF4E00CDEC76 /* SubscriptionInfoDetails.swift */ = {isa = PBXFileReference; lastKnownFileType = sourcecode.swift; path = SubscriptionInfoDetails.swift; sourceTree = "<group>"; };
		888C49CA2B602B4500CDEC76 /* CapsulePicker.swift */ = {isa = PBXFileReference; lastKnownFileType = sourcecode.swift; path = CapsulePicker.swift; sourceTree = "<group>"; };
		888E1DFF2B7000DA00608F99 /* BookmarkedVideosView.swift */ = {isa = PBXFileReference; lastKnownFileType = sourcecode.swift; path = BookmarkedVideosView.swift; sourceTree = "<group>"; };
		888E1E032B70E84A00608F99 /* AnimationCompletionCallback.swift */ = {isa = PBXFileReference; lastKnownFileType = sourcecode.swift; path = AnimationCompletionCallback.swift; sourceTree = "<group>"; };
		8891F0AC2B4E7E170098A3FB /* VideoActor+Videos.swift */ = {isa = PBXFileReference; lastKnownFileType = sourcecode.swift; path = "VideoActor+Videos.swift"; sourceTree = "<group>"; };
		8891F0AF2B4E9F330098A3FB /* String.swift */ = {isa = PBXFileReference; lastKnownFileType = sourcecode.swift; path = String.swift; sourceTree = "<group>"; };
		8891F0B12B4E9F4E0098A3FB /* SubscriptionService.swift */ = {isa = PBXFileReference; lastKnownFileType = sourcecode.swift; path = SubscriptionService.swift; sourceTree = "<group>"; };
		8891F0B32B4EF3610098A3FB /* SideloadingView.swift */ = {isa = PBXFileReference; lastKnownFileType = sourcecode.swift; path = SideloadingView.swift; sourceTree = "<group>"; };
		8891F0B52B4F03B30098A3FB /* YoutubeDataAPI.swift */ = {isa = PBXFileReference; lastKnownFileType = sourcecode.swift; path = YoutubeDataAPI.swift; sourceTree = "<group>"; };
		8891F0B72B4F3E080098A3FB /* Collection.swift */ = {isa = PBXFileReference; lastKnownFileType = sourcecode.swift; path = Collection.swift; sourceTree = "<group>"; };
		8891F0B92B4F54940098A3FB /* Double.swift */ = {isa = PBXFileReference; lastKnownFileType = sourcecode.swift; path = Double.swift; sourceTree = "<group>"; };
		8898B6762B480C3700348D01 /* AddSubscriptionView.swift */ = {isa = PBXFileReference; lastKnownFileType = sourcecode.swift; path = AddSubscriptionView.swift; sourceTree = "<group>"; };
		8898B6782B481F2100348D01 /* SubscriptionActor.swift */ = {isa = PBXFileReference; lastKnownFileType = sourcecode.swift; path = SubscriptionActor.swift; sourceTree = "<group>"; };
		8898B67A2B481F5D00348D01 /* Subscription.swift */ = {isa = PBXFileReference; lastKnownFileType = sourcecode.swift; path = Subscription.swift; sourceTree = "<group>"; };
		8898B67E2B483D6F00348D01 /* SubscriptionListItem.swift */ = {isa = PBXFileReference; lastKnownFileType = sourcecode.swift; path = SubscriptionListItem.swift; sourceTree = "<group>"; };
		8898B6812B48466700348D01 /* VideoCrawlerError.swift */ = {isa = PBXFileReference; lastKnownFileType = sourcecode.swift; path = VideoCrawlerError.swift; sourceTree = "<group>"; };
		8898B6832B4846D000348D01 /* SubscriptionError.swift */ = {isa = PBXFileReference; lastKnownFileType = sourcecode.swift; path = SubscriptionError.swift; sourceTree = "<group>"; };
		88AD06662B74ADE900151B07 /* AddToLibraryView.swift */ = {isa = PBXFileReference; lastKnownFileType = sourcecode.swift; path = AddToLibraryView.swift; sourceTree = "<group>"; };
		88AEB5D62B98A69300A2FF0D /* Logger.swift */ = {isa = PBXFileReference; lastKnownFileType = sourcecode.swift; path = Logger.swift; sourceTree = "<group>"; };
		88BABABB2B6290AC001FA0A4 /* CachedImage.swift */ = {isa = PBXFileReference; lastKnownFileType = sourcecode.swift; path = CachedImage.swift; sourceTree = "<group>"; };
		88BABABD2B62932C001FA0A4 /* CachedImageView.swift */ = {isa = PBXFileReference; lastKnownFileType = sourcecode.swift; path = CachedImageView.swift; sourceTree = "<group>"; };
		88BABABF2B629505001FA0A4 /* ImageService.swift */ = {isa = PBXFileReference; lastKnownFileType = sourcecode.swift; path = ImageService.swift; sourceTree = "<group>"; };
		88BABAC12B630EF8001FA0A4 /* ImageCacheManager.swift */ = {isa = PBXFileReference; lastKnownFileType = sourcecode.swift; path = ImageCacheManager.swift; sourceTree = "<group>"; };
		88BDC3A22B76A9BF00656D63 /* SetupView.swift */ = {isa = PBXFileReference; lastKnownFileType = sourcecode.swift; path = SetupView.swift; sourceTree = "<group>"; };
		88BDC3A62B78172C00656D63 /* ImportSubscriptionsView.swift */ = {isa = PBXFileReference; lastKnownFileType = sourcecode.swift; path = ImportSubscriptionsView.swift; sourceTree = "<group>"; };
		88BDC3AA2B79F0DE00656D63 /* SleepTimer.swift */ = {isa = PBXFileReference; lastKnownFileType = sourcecode.swift; path = SleepTimer.swift; sourceTree = "<group>"; };
		88BE6C2E2B72089000456777 /* YouTubePlayerView.swift */ = {isa = PBXFileReference; lastKnownFileType = sourcecode.swift; path = YouTubePlayerView.swift; sourceTree = "<group>"; };
		88BE6C302B723B9900456777 /* PlayerWebView.swift */ = {isa = PBXFileReference; lastKnownFileType = sourcecode.swift; path = PlayerWebView.swift; sourceTree = "<group>"; };
		88C205272B516D2A008EC51D /* ChapterListItem.swift */ = {isa = PBXFileReference; lastKnownFileType = sourcecode.swift; path = ChapterListItem.swift; sourceTree = "<group>"; };
		88C205292B517732008EC51D /* PlayerManager.swift */ = {isa = PBXFileReference; lastKnownFileType = sourcecode.swift; path = PlayerManager.swift; sourceTree = "<group>"; };
		88C572322B53C8BD002FF07E /* SettingsView.swift */ = {isa = PBXFileReference; lastKnownFileType = sourcecode.swift; path = SettingsView.swift; sourceTree = "<group>"; };
		88CEDA1F2B6641C6000E3E98 /* Exportable.swift */ = {isa = PBXFileReference; lastKnownFileType = sourcecode.swift; path = Exportable.swift; sourceTree = "<group>"; };
		88D29AE62B751B6900BDBFDF /* VideoSorting.swift */ = {isa = PBXFileReference; lastKnownFileType = sourcecode.swift; path = VideoSorting.swift; sourceTree = "<group>"; };
		88D29AEC2B757E5700BDBFDF /* DebouncedText.swift */ = {isa = PBXFileReference; lastKnownFileType = sourcecode.swift; path = DebouncedText.swift; sourceTree = "<group>"; };
		88D29AEE2B757E7300BDBFDF /* SearchableVideos.swift */ = {isa = PBXFileReference; lastKnownFileType = sourcecode.swift; path = SearchableVideos.swift; sourceTree = "<group>"; };
		88D34D742B58F86800533B74 /* Alerter.swift */ = {isa = PBXFileReference; lastKnownFileType = sourcecode.swift; path = Alerter.swift; sourceTree = "<group>"; };
		88D438A42B45ACD800482F29 /* EmbeddedPlayerView.swift */ = {isa = PBXFileReference; lastKnownFileType = sourcecode.swift; path = EmbeddedPlayerView.swift; sourceTree = "<group>"; };
		88D438A62B45ADBD00482F29 /* RSSParserDelegate.swift */ = {isa = PBXFileReference; lastKnownFileType = sourcecode.swift; path = RSSParserDelegate.swift; sourceTree = "<group>"; };
		88D438A82B45B27600482F29 /* VideoPlayer.swift */ = {isa = PBXFileReference; lastKnownFileType = sourcecode.swift; path = VideoPlayer.swift; sourceTree = "<group>"; };
		88D438AA2B45C3D700482F29 /* Info.plist */ = {isa = PBXFileReference; lastKnownFileType = text.plist; path = Info.plist; sourceTree = "<group>"; };
		88D8584C2B559DCC0047E0E6 /* VideoError.swift */ = {isa = PBXFileReference; lastKnownFileType = sourcecode.swift; path = VideoError.swift; sourceTree = "<group>"; };
		88D8584F2B55AB4D0047E0E6 /* DateTimeConversion.swift */ = {isa = PBXFileReference; lastKnownFileType = sourcecode.swift; path = DateTimeConversion.swift; sourceTree = "<group>"; };
		88D858522B55ABD50047E0E6 /* YtVideoInfo.swift */ = {isa = PBXFileReference; lastKnownFileType = sourcecode.swift; path = YtVideoInfo.swift; sourceTree = "<group>"; };
		88D858542B55AC280047E0E6 /* YtChannelInfo.swift */ = {isa = PBXFileReference; lastKnownFileType = sourcecode.swift; path = YtChannelInfo.swift; sourceTree = "<group>"; };
		88D858562B55AC3F0047E0E6 /* YtChannelId.swift */ = {isa = PBXFileReference; lastKnownFileType = sourcecode.swift; path = YtChannelId.swift; sourceTree = "<group>"; };
		88D858582B55AC820047E0E6 /* YtErrorResponseBody.swift */ = {isa = PBXFileReference; lastKnownFileType = sourcecode.swift; path = YtErrorResponseBody.swift; sourceTree = "<group>"; };
		88D8585A2B55B0E70047E0E6 /* SendableVideo.swift */ = {isa = PBXFileReference; lastKnownFileType = sourcecode.swift; path = SendableVideo.swift; sourceTree = "<group>"; };
		88DFC0AB2B44843A001895C8 /* Unwatched.app */ = {isa = PBXFileReference; explicitFileType = wrapper.application; includeInIndex = 0; path = Unwatched.app; sourceTree = BUILT_PRODUCTS_DIR; };
		88DFC0AE2B44843A001895C8 /* UnwatchedApp.swift */ = {isa = PBXFileReference; lastKnownFileType = sourcecode.swift; path = UnwatchedApp.swift; sourceTree = "<group>"; };
		88DFC0B02B44843A001895C8 /* ContentView.swift */ = {isa = PBXFileReference; lastKnownFileType = sourcecode.swift; path = ContentView.swift; sourceTree = "<group>"; };
		88DFC0B42B44843C001895C8 /* Assets.xcassets */ = {isa = PBXFileReference; lastKnownFileType = folder.assetcatalog; path = Assets.xcassets; sourceTree = "<group>"; };
		88DFC0B62B44843C001895C8 /* Unwatched.entitlements */ = {isa = PBXFileReference; lastKnownFileType = text.plist.entitlements; path = Unwatched.entitlements; sourceTree = "<group>"; };
		88DFC0B82B44843C001895C8 /* Preview Assets.xcassets */ = {isa = PBXFileReference; lastKnownFileType = folder.assetcatalog; path = "Preview Assets.xcassets"; sourceTree = "<group>"; };
		88DFC0BF2B4489C2001895C8 /* VideoListItem.swift */ = {isa = PBXFileReference; lastKnownFileType = sourcecode.swift; path = VideoListItem.swift; sourceTree = "<group>"; };
		88DFC0C12B4489F3001895C8 /* Video.swift */ = {isa = PBXFileReference; lastKnownFileType = sourcecode.swift; path = Video.swift; sourceTree = "<group>"; };
		88DFC0C52B448C01001895C8 /* VideoService.swift */ = {isa = PBXFileReference; lastKnownFileType = sourcecode.swift; path = VideoService.swift; sourceTree = "<group>"; };
		88DFC0C72B448C2E001895C8 /* VideoCrawler.swift */ = {isa = PBXFileReference; lastKnownFileType = sourcecode.swift; path = VideoCrawler.swift; sourceTree = "<group>"; };
		88EEFDE72B72E12500A1F441 /* InboxTip.swift */ = {isa = PBXFileReference; lastKnownFileType = sourcecode.swift; path = InboxTip.swift; sourceTree = "<group>"; };
		88EF34BC2B7C09CE007D33D4 /* VideoActor+Entries.swift */ = {isa = PBXFileReference; lastKnownFileType = sourcecode.swift; path = "VideoActor+Entries.swift"; sourceTree = "<group>"; };
		88EF34BE2B7C0B5F007D33D4 /* VideoActor+Subscriptions.swift */ = {isa = PBXFileReference; lastKnownFileType = sourcecode.swift; path = "VideoActor+Subscriptions.swift"; sourceTree = "<group>"; };
		88F1EE4B2B5C48F5009866A0 /* VideoNotAvailableView.swift */ = {isa = PBXFileReference; lastKnownFileType = sourcecode.swift; path = VideoNotAvailableView.swift; sourceTree = "<group>"; };
		88F1EE4D2B5C6CBC009866A0 /* YtBrowserWebView.swift */ = {isa = PBXFileReference; lastKnownFileType = sourcecode.swift; path = YtBrowserWebView.swift; sourceTree = "<group>"; };
		88F1EE4F2B5D31D6009866A0 /* BrowserManager.swift */ = {isa = PBXFileReference; lastKnownFileType = sourcecode.swift; path = BrowserManager.swift; sourceTree = "<group>"; };
		88F1EE522B5D3211009866A0 /* BrowserView.swift */ = {isa = PBXFileReference; lastKnownFileType = sourcecode.swift; path = BrowserView.swift; sourceTree = "<group>"; };
		88FA62D72B8485EA00924959 /* PlayButton.swift */ = {isa = PBXFileReference; lastKnownFileType = sourcecode.swift; path = PlayButton.swift; sourceTree = "<group>"; };
/* End PBXFileReference section */

/* Begin PBXFrameworksBuildPhase section */
		88DFC0A82B44843A001895C8 /* Frameworks */ = {
			isa = PBXFrameworksBuildPhase;
			buildActionMask = 2147483647;
			files = (
			);
			runOnlyForDeploymentPostprocessing = 0;
		};
/* End PBXFrameworksBuildPhase section */

/* Begin PBXGroup section */
		8804A3F02B8B893300D3F4F1 /* VideoListItem */ = {
			isa = PBXGroup;
			children = (
				88DFC0BF2B4489C2001895C8 /* VideoListItem.swift */,
				8804A3EE2B8B88A000D3F4F1 /* VideoListItemDetails.swift */,
				8804A3F12B8B898000D3F4F1 /* VideoListItemStatus.swift */,
			);
			path = VideoListItem;
			sourceTree = "<group>";
		};
		8804A3F52B8B96EA00D3F4F1 /* PlayerManager */ = {
			isa = PBXGroup;
			children = (
				88C205292B517732008EC51D /* PlayerManager.swift */,
				8804A3F62B8B96FF00D3F4F1 /* PlayerManager+Chapters.swift */,
			);
			path = PlayerManager;
			sourceTree = "<group>";
		};
		88143EB52B4A7FEF00829E13 /* Helper */ = {
			isa = PBXGroup;
			children = (
				8808D8222B4AF9FF00B4FF11 /* OutlineToggleStyle.swift */,
				888E1E032B70E84A00608F99 /* AnimationCompletionCallback.swift */,
				888C49BF2B5EC53C00CDEC76 /* KeyboardReadable.swift */,
				888C49CA2B602B4500CDEC76 /* CapsulePicker.swift */,
				88D8584F2B55AB4D0047E0E6 /* DateTimeConversion.swift */,
				88D34D742B58F86800533B74 /* Alerter.swift */,
				883EE0972B7B422A00D0A83A /* AsyncSharableUrl.swift */,
				88BDC3AA2B79F0DE00656D63 /* SleepTimer.swift */,
				88D29AEC2B757E5700BDBFDF /* DebouncedText.swift */,
				881E513A2B59D577006384E4 /* SubscriptionSorting.swift */,
				8808A9182B95116A004D7CE2 /* NewVideosNotificationInfo.swift */,
				88D29AE62B751B6900BDBFDF /* VideoSorting.swift */,
				883327FE2B8DB286001B3895 /* AsyncButton.swift */,
				881E513E2B59D9A8006384E4 /* Task.swift */,
				883CA8092B5AFB4100028D52 /* CapsuleButtonStyle.swift */,
				883CA8142B5B907000028D52 /* InnerHeightPreferenceChange.swift */,
				883CA8162B5BA94900028D52 /* SheetPositionReader.swift */,
				888322512B872EE1004E2DE4 /* BrowserUrl.swift */,
				888C49BD2B5EADCA00CDEC76 /* YtBrowserTip.swift */,
				88EEFDE72B72E12500A1F441 /* InboxTip.swift */,
				8813465D2B88A2A3005A4790 /* ChannelInfo.swift */,
			);
			path = Helper;
			sourceTree = "<group>";
		};
		881E51402B5A6414006384E4 /* HelperModel */ = {
			isa = PBXGroup;
			children = (
				887AC8D52B49D0BE00512852 /* VideoPlacement.swift */,
				88D8585A2B55B0E70047E0E6 /* SendableVideo.swift */,
				881E51412B5A6446006384E4 /* ShortsDetection.swift */,
				8813465F2B88C988005A4790 /* CachedImageHolder.swift */,
				88CEDA1F2B6641C6000E3E98 /* Exportable.swift */,
			);
			path = HelperModel;
			sourceTree = "<group>";
		};
		883CA80B2B5AFD6F00028D52 /* Player */ = {
			isa = PBXGroup;
			children = (
				88BE6C322B724C0F00456777 /* PlayerWebView */,
				88D438A82B45B27600482F29 /* VideoPlayer.swift */,
				8804A3F32B8B8D6E00D3F4F1 /* VideoPlayerFooter.swift */,
				887E72932B91F6D400928946 /* NextVideoButton.swift */,
				887E72912B91ED9500928946 /* FullscreenPlayerControls.swift */,
				8808D8242B4B02E300B4FF11 /* SpeedControlView.swift */,
				88FA62D72B8485EA00924959 /* PlayButton.swift */,
				883CA8102B5AFE8B00028D52 /* MiniPlayerView.swift */,
				8808A9102B928CD8004D7CE2 /* ChapterList.swift */,
				8845F0182B50648D0086AA98 /* ChapterDescriptionView.swift */,
				8804A3EC2B8B6B5B00D3F4F1 /* DescriptionDetailView.swift */,
				88C205272B516D2A008EC51D /* ChapterListItem.swift */,
				883CA8182B5BB2FB00028D52 /* ChapterMiniControlView.swift */,
				88F1EE4B2B5C48F5009866A0 /* VideoNotAvailableView.swift */,
			);
			path = Player;
			sourceTree = "<group>";
		};
		883CA80C2B5AFDA200028D52 /* Library */ = {
			isa = PBXGroup;
			children = (
				8804F91E2B4805A100E19B7A /* LibraryView.swift */,
				88AD06662B74ADE900151B07 /* AddToLibraryView.swift */,
				881E51382B59D555006384E4 /* LibraryNavListItem.swift */,
				888E1DFF2B7000DA00608F99 /* BookmarkedVideosView.swift */,
				88017FD62B96161B00192AEA /* DebugView.swift */,
				88C572322B53C8BD002FF07E /* SettingsView.swift */,
				88D29AEE2B757E7300BDBFDF /* SearchableVideos.swift */,
				8845F0142B500E8A0086AA98 /* AllVideosView.swift */,
				8891F0B32B4EF3610098A3FB /* SideloadingView.swift */,
				887AC8CB2B49584400512852 /* WatchHistoryView.swift */,
			);
			path = Library;
			sourceTree = "<group>";
		};
		883CA80D2B5AFDBA00028D52 /* Queue */ = {
			isa = PBXGroup;
			children = (
				886E79B62B46E0F900554E1F /* QueueView.swift */,
			);
			path = Queue;
			sourceTree = "<group>";
		};
		883CA80E2B5AFDE900028D52 /* Inbox */ = {
			isa = PBXGroup;
			children = (
				887AC8CD2B4988D000512852 /* InboxView.swift */,
			);
			path = Inbox;
			sourceTree = "<group>";
		};
		883CA80F2B5AFE1300028D52 /* Subscription */ = {
			isa = PBXGroup;
			children = (
				8898B6762B480C3700348D01 /* AddSubscriptionView.swift */,
				8823EB772B5519C60010A12F /* SubStateOverview.swift */,
				88BDC3A62B78172C00656D63 /* ImportSubscriptionsView.swift */,
				881E513C2B59D5A3006384E4 /* SubscriptionStateView.swift */,
				8898B67E2B483D6F00348D01 /* SubscriptionListItem.swift */,
				887AC8D12B499E7B00512852 /* SubscriptionDetailView.swift */,
				888C49C62B5FBF4E00CDEC76 /* SubscriptionInfoDetails.swift */,
				881E51432B5A75AD006384E4 /* SubscriptionListView.swift */,
			);
			path = Subscription;
			sourceTree = "<group>";
		};
		883CA81C2B5BD22600028D52 /* Controller */ = {
			isa = PBXGroup;
			children = (
				8804A3F52B8B96EA00D3F4F1 /* PlayerManager */,
				88BABAC12B630EF8001FA0A4 /* ImageCacheManager.swift */,
				8880D6CA2B95BEE900E76E20 /* AppDelegate.swift */,
				881DBDEB2B4D22770082BEFB /* NavigationManager.swift */,
				883CA81A2B5BC81600028D52 /* RefreshManager.swift */,
				8808A9162B93CDBA004D7CE2 /* NotificationManager.swift */,
				883EE0952B7ABD5700D0A83A /* SleepTimerViewModel.swift */,
				883CA81D2B5BD3ED00028D52 /* SubscribeManager.swift */,
				88F1EE4F2B5D31D6009866A0 /* BrowserManager.swift */,
			);
			path = Controller;
			sourceTree = "<group>";
		};
		886E79B82B46FFC700554E1F /* Extensions */ = {
			isa = PBXGroup;
			children = (
				886E79B92B46FFD300554E1F /* Color.swift */,
				88250C602B49273100174C8D /* Date.swift */,
				8891F0AF2B4E9F330098A3FB /* String.swift */,
				8808A9142B937C66004D7CE2 /* PresentationDetent.swift */,
				88AEB5D62B98A69300A2FF0D /* Logger.swift */,
				8891F0B72B4F3E080098A3FB /* Collection.swift */,
				8891F0B92B4F54940098A3FB /* Double.swift */,
				888C49C12B5F288F00CDEC76 /* Binding.swift */,
			);
			path = Extensions;
			sourceTree = "<group>";
		};
		888C49C32B5FA73200CDEC76 /* Service */ = {
			isa = PBXGroup;
			children = (
				88DFC0C52B448C01001895C8 /* VideoService.swift */,
				88BABABF2B629505001FA0A4 /* ImageService.swift */,
				8891F0B12B4E9F4E0098A3FB /* SubscriptionService.swift */,
				888C49C42B5FA75700CDEC76 /* UrlService.swift */,
				88632AF22B64FC0300C93F82 /* UserDataService.swift */,
			);
			path = Service;
			sourceTree = "<group>";
		};
		8891F0AE2B4E7F070098A3FB /* Data */ = {
			isa = PBXGroup;
			children = (
				88EF34BB2B7C0997007D33D4 /* VideoActor */,
				8811A4A62B540D8100799CB2 /* DataController.swift */,
				8898B6782B481F2100348D01 /* SubscriptionActor.swift */,
				88DFC0C72B448C2E001895C8 /* VideoCrawler.swift */,
				88D438A62B45ADBD00482F29 /* RSSParserDelegate.swift */,
				88D8584E2B55AB140047E0E6 /* YouTubeDataAPI */,
			);
			path = Data;
			sourceTree = "<group>";
		};
		8898B6802B48464000348D01 /* Errors */ = {
			isa = PBXGroup;
			children = (
				8898B6812B48466700348D01 /* VideoCrawlerError.swift */,
				8898B6832B4846D000348D01 /* SubscriptionError.swift */,
				88D8584C2B559DCC0047E0E6 /* VideoError.swift */,
			);
			path = Errors;
			sourceTree = "<group>";
		};
		88BE6C322B724C0F00456777 /* PlayerWebView */ = {
			isa = PBXGroup;
			children = (
				88BE6C302B723B9900456777 /* PlayerWebView.swift */,
				88BE6C2E2B72089000456777 /* YouTubePlayerView.swift */,
				88D438A42B45ACD800482F29 /* EmbeddedPlayerView.swift */,
			);
			path = PlayerWebView;
			sourceTree = "<group>";
		};
		88D8584E2B55AB140047E0E6 /* YouTubeDataAPI */ = {
			isa = PBXGroup;
			children = (
				88D858512B55ABC60047E0E6 /* Model */,
				8891F0B52B4F03B30098A3FB /* YoutubeDataAPI.swift */,
			);
			path = YouTubeDataAPI;
			sourceTree = "<group>";
		};
		88D858512B55ABC60047E0E6 /* Model */ = {
			isa = PBXGroup;
			children = (
				88D858522B55ABD50047E0E6 /* YtVideoInfo.swift */,
				88D858542B55AC280047E0E6 /* YtChannelInfo.swift */,
				88D858562B55AC3F0047E0E6 /* YtChannelId.swift */,
				88D858582B55AC820047E0E6 /* YtErrorResponseBody.swift */,
			);
			path = Model;
			sourceTree = "<group>";
		};
		88DFC0A22B44843A001895C8 = {
			isa = PBXGroup;
			children = (
				88DFC0AD2B44843A001895C8 /* Unwatched */,
				88DFC0AC2B44843A001895C8 /* Products */,
			);
			sourceTree = "<group>";
		};
		88DFC0AC2B44843A001895C8 /* Products */ = {
			isa = PBXGroup;
			children = (
				88DFC0AB2B44843A001895C8 /* Unwatched.app */,
			);
			name = Products;
			sourceTree = "<group>";
		};
		88DFC0AD2B44843A001895C8 /* Unwatched */ = {
			isa = PBXGroup;
			children = (
				88D438AA2B45C3D700482F29 /* Info.plist */,
				88143EB52B4A7FEF00829E13 /* Helper */,
				8898B6802B48464000348D01 /* Errors */,
				886E79B82B46FFC700554E1F /* Extensions */,
				883CA81C2B5BD22600028D52 /* Controller */,
				88DFC0C42B448ABF001895C8 /* View */,
				881E51402B5A6414006384E4 /* HelperModel */,
				88DFC0C32B448AB0001895C8 /* Model */,
				888C49C32B5FA73200CDEC76 /* Service */,
				8891F0AE2B4E7F070098A3FB /* Data */,
				88DFC0AE2B44843A001895C8 /* UnwatchedApp.swift */,
				881E51362B59CAFF006384E4 /* AppConstants.swift */,
				883CA8122B5B382900028D52 /* RefreshToolbarButton.swift */,
				8823EB752B54FB510010A12F /* apiKey.swift */,
				887E72952B92219C00928946 /* DismissToolbarButton.swift */,
				887CA9442B52E72700E344EC /* AppShortcutsProvider.swift */,
				88DFC0B42B44843C001895C8 /* Assets.xcassets */,
				88DFC0B62B44843C001895C8 /* Unwatched.entitlements */,
				88DFC0B72B44843C001895C8 /* Preview Content */,
				887AC8D32B49CECF00512852 /* Localizable.xcstrings */,
			);
			path = Unwatched;
			sourceTree = "<group>";
		};
		88DFC0B72B44843C001895C8 /* Preview Content */ = {
			isa = PBXGroup;
			children = (
				88DFC0B82B44843C001895C8 /* Preview Assets.xcassets */,
			);
			path = "Preview Content";
			sourceTree = "<group>";
		};
		88DFC0C32B448AB0001895C8 /* Model */ = {
			isa = PBXGroup;
			children = (
				88DFC0C12B4489F3001895C8 /* Video.swift */,
				88BABABB2B6290AC001FA0A4 /* CachedImage.swift */,
				8898B67A2B481F5D00348D01 /* Subscription.swift */,
				8845F0162B5054570086AA98 /* Chapter.swift */,
				887AC8C52B49368F00512852 /* QueueEntry.swift */,
				887AC8C92B4955B200512852 /* WatchEntry.swift */,
				887AC8CF2B498EAE00512852 /* InboxEntry.swift */,
			);
			path = Model;
			sourceTree = "<group>";
		};
		88DFC0C42B448ABF001895C8 /* View */ = {
			isa = PBXGroup;
			children = (
				883CA80D2B5AFDBA00028D52 /* Queue */,
				883CA80E2B5AFDE900028D52 /* Inbox */,
				883CA80C2B5AFDA200028D52 /* Library */,
				883CA80B2B5AFD6F00028D52 /* Player */,
				883CA80F2B5AFE1300028D52 /* Subscription */,
				88F1EE512B5D31FD009866A0 /* Browser */,
				883CA8052B5A8FFA00028D52 /* VideoListView.swift */,
				8804A3F02B8B893300D3F4F1 /* VideoListItem */,
				88632AF42B64FD8200C93F82 /* BackupView.swift */,
				88BABABD2B62932C001FA0A4 /* CachedImageView.swift */,
				883CA8072B5AE47E00028D52 /* MenuView.swift */,
				88DFC0B02B44843A001895C8 /* ContentView.swift */,
				88BDC3A22B76A9BF00656D63 /* SetupView.swift */,
			);
			path = View;
			sourceTree = "<group>";
		};
		88EF34BB2B7C0997007D33D4 /* VideoActor */ = {
			isa = PBXGroup;
			children = (
				8891F0AC2B4E7E170098A3FB /* VideoActor+Videos.swift */,
				88EF34BE2B7C0B5F007D33D4 /* VideoActor+Subscriptions.swift */,
				88EF34BC2B7C09CE007D33D4 /* VideoActor+Entries.swift */,
			);
			path = VideoActor;
			sourceTree = "<group>";
		};
		88F1EE512B5D31FD009866A0 /* Browser */ = {
			isa = PBXGroup;
			children = (
				88F1EE522B5D3211009866A0 /* BrowserView.swift */,
				88F1EE4D2B5C6CBC009866A0 /* YtBrowserWebView.swift */,
			);
			path = Browser;
			sourceTree = "<group>";
		};
/* End PBXGroup section */

/* Begin PBXNativeTarget section */
		88DFC0AA2B44843A001895C8 /* Unwatched */ = {
			isa = PBXNativeTarget;
			buildConfigurationList = 88DFC0BC2B44843C001895C8 /* Build configuration list for PBXNativeTarget "Unwatched" */;
			buildPhases = (
				88DFC0A72B44843A001895C8 /* Sources */,
				88DFC0A82B44843A001895C8 /* Frameworks */,
				88DFC0A92B44843A001895C8 /* Resources */,
				886E79BB2B4701F600554E1F /* ShellScript */,
			);
			buildRules = (
			);
			dependencies = (
			);
			name = Unwatched;
			productName = Unwatched;
			productReference = 88DFC0AB2B44843A001895C8 /* Unwatched.app */;
			productType = "com.apple.product-type.application";
		};
/* End PBXNativeTarget section */

/* Begin PBXProject section */
		88DFC0A32B44843A001895C8 /* Project object */ = {
			isa = PBXProject;
			attributes = {
				BuildIndependentTargetsInParallel = 1;
				LastSwiftUpdateCheck = 1510;
				LastUpgradeCheck = 1530;
				TargetAttributes = {
					88DFC0AA2B44843A001895C8 = {
						CreatedOnToolsVersion = 15.1;
					};
				};
			};
			buildConfigurationList = 88DFC0A62B44843A001895C8 /* Build configuration list for PBXProject "Unwatched" */;
			compatibilityVersion = "Xcode 14.0";
			developmentRegion = en;
			hasScannedForEncodings = 0;
			knownRegions = (
				en,
				Base,
				de,
			);
			mainGroup = 88DFC0A22B44843A001895C8;
			productRefGroup = 88DFC0AC2B44843A001895C8 /* Products */;
			projectDirPath = "";
			projectRoot = "";
			targets = (
				88DFC0AA2B44843A001895C8 /* Unwatched */,
			);
		};
/* End PBXProject section */

/* Begin PBXResourcesBuildPhase section */
		88DFC0A92B44843A001895C8 /* Resources */ = {
			isa = PBXResourcesBuildPhase;
			buildActionMask = 2147483647;
			files = (
				88DFC0B92B44843C001895C8 /* Preview Assets.xcassets in Resources */,
				88DFC0B52B44843C001895C8 /* Assets.xcassets in Resources */,
				887AC8D42B49CECF00512852 /* Localizable.xcstrings in Resources */,
			);
			runOnlyForDeploymentPostprocessing = 0;
		};
/* End PBXResourcesBuildPhase section */

/* Begin PBXShellScriptBuildPhase section */
		886E79BB2B4701F600554E1F /* ShellScript */ = {
			isa = PBXShellScriptBuildPhase;
			alwaysOutOfDate = 1;
			buildActionMask = 2147483647;
			files = (
			);
			inputFileListPaths = (
			);
			inputPaths = (
			);
			outputFileListPaths = (
			);
			outputPaths = (
			);
			runOnlyForDeploymentPostprocessing = 0;
			shellPath = /bin/zsh;
			shellScript = "if test -d \"/opt/homebrew/bin/\"; then\n  PATH=\"/opt/homebrew/bin/:${PATH}\"\nfi\n\nexport PATH\n\nif which swiftlint >/dev/null; then\n  if [ \"${ENABLE_PREVIEWS}\" = \"NO\" ]; then \n    swiftlint --fix --format && swiftlint  \n  fi\nelse\n  echo \"warning: SwiftLint not installed, download from https://github.com/realm/SwiftLint\"\nfi\n\n\n";
		};
/* End PBXShellScriptBuildPhase section */

/* Begin PBXSourcesBuildPhase section */
		88DFC0A72B44843A001895C8 /* Sources */ = {
			isa = PBXSourcesBuildPhase;
			buildActionMask = 2147483647;
			files = (
				88DFC0C82B448C2E001895C8 /* VideoCrawler.swift in Sources */,
				881E513F2B59D9A8006384E4 /* Task.swift in Sources */,
				88DFC0C02B4489C2001895C8 /* VideoListItem.swift in Sources */,
				8898B6772B480C3700348D01 /* AddSubscriptionView.swift in Sources */,
				883327FF2B8DB286001B3895 /* AsyncButton.swift in Sources */,
				88BDC3A32B76A9BF00656D63 /* SetupView.swift in Sources */,
				88BDC3AB2B79F0DE00656D63 /* SleepTimer.swift in Sources */,
				883CA80A2B5AFB4100028D52 /* CapsuleButtonStyle.swift in Sources */,
				881E513D2B59D5A3006384E4 /* SubscriptionStateView.swift in Sources */,
				88D8585B2B55B0E70047E0E6 /* SendableVideo.swift in Sources */,
				886E79BA2B46FFD300554E1F /* Color.swift in Sources */,
				887E72962B92219C00928946 /* DismissToolbarButton.swift in Sources */,
				8880D6CB2B95BEE900E76E20 /* AppDelegate.swift in Sources */,
				88D858552B55AC280047E0E6 /* YtChannelInfo.swift in Sources */,
				8891F0BA2B4F54940098A3FB /* Double.swift in Sources */,
				883CA8192B5BB2FB00028D52 /* ChapterMiniControlView.swift in Sources */,
				883CA8112B5AFE8B00028D52 /* MiniPlayerView.swift in Sources */,
				88D438A72B45ADBD00482F29 /* RSSParserDelegate.swift in Sources */,
				88EF34BF2B7C0B5F007D33D4 /* VideoActor+Subscriptions.swift in Sources */,
				887AC8D62B49D0BE00512852 /* VideoPlacement.swift in Sources */,
				8891F0B22B4E9F4E0098A3FB /* SubscriptionService.swift in Sources */,
				8891F0B82B4F3E080098A3FB /* Collection.swift in Sources */,
				8898B67F2B483D6F00348D01 /* SubscriptionListItem.swift in Sources */,
				888C49BE2B5EADCA00CDEC76 /* YtBrowserTip.swift in Sources */,
				8808D8232B4AF9FF00B4FF11 /* OutlineToggleStyle.swift in Sources */,
				888C49C22B5F288F00CDEC76 /* Binding.swift in Sources */,
				88D29AEF2B757E7300BDBFDF /* SearchableVideos.swift in Sources */,
				887AC8D22B499E7B00512852 /* SubscriptionDetailView.swift in Sources */,
				8898B6822B48466700348D01 /* VideoCrawlerError.swift in Sources */,
				883CA8132B5B382900028D52 /* RefreshToolbarButton.swift in Sources */,
				887E72922B91ED9500928946 /* FullscreenPlayerControls.swift in Sources */,
				88AEB5D72B98A69300A2FF0D /* Logger.swift in Sources */,
				8898B6842B4846D000348D01 /* SubscriptionError.swift in Sources */,
				88F1EE4C2B5C48F5009866A0 /* VideoNotAvailableView.swift in Sources */,
				8845F0172B5054570086AA98 /* Chapter.swift in Sources */,
				881E51372B59CAFF006384E4 /* AppConstants.swift in Sources */,
				883CA8082B5AE47E00028D52 /* MenuView.swift in Sources */,
				887E72942B91F6D400928946 /* NextVideoButton.swift in Sources */,
				8804F91F2B4805A100E19B7A /* LibraryView.swift in Sources */,
				881E51442B5A75AD006384E4 /* SubscriptionListView.swift in Sources */,
				881DBDEC2B4D22770082BEFB /* NavigationManager.swift in Sources */,
				88DFC0B12B44843A001895C8 /* ContentView.swift in Sources */,
				8891F0B02B4E9F330098A3FB /* String.swift in Sources */,
				8808D8252B4B02E300B4FF11 /* SpeedControlView.swift in Sources */,
				88D8584D2B559DCC0047E0E6 /* VideoError.swift in Sources */,
				88AD06672B74ADE900151B07 /* AddToLibraryView.swift in Sources */,
				887AC8D02B498EAE00512852 /* InboxEntry.swift in Sources */,
				88632AF32B64FC0300C93F82 /* UserDataService.swift in Sources */,
				883CA8062B5A8FFA00028D52 /* VideoListView.swift in Sources */,
				88F1EE4E2B5C6CBC009866A0 /* YtBrowserWebView.swift in Sources */,
				8891F0B62B4F03B40098A3FB /* YoutubeDataAPI.swift in Sources */,
				88F1EE532B5D3211009866A0 /* BrowserView.swift in Sources */,
				8804A3F72B8B96FF00D3F4F1 /* PlayerManager+Chapters.swift in Sources */,
				88D29AE72B751B6900BDBFDF /* VideoSorting.swift in Sources */,
				88DFC0C62B448C01001895C8 /* VideoService.swift in Sources */,
				88CEDA202B6641C6000E3E98 /* Exportable.swift in Sources */,
				88EF34BD2B7C09CE007D33D4 /* VideoActor+Entries.swift in Sources */,
				88DFC0AF2B44843A001895C8 /* UnwatchedApp.swift in Sources */,
				887AC8CE2B4988D000512852 /* InboxView.swift in Sources */,
				88BE6C2F2B72089000456777 /* YouTubePlayerView.swift in Sources */,
				88BDC3A72B78172C00656D63 /* ImportSubscriptionsView.swift in Sources */,
				88632AF52B64FD8200C93F82 /* BackupView.swift in Sources */,
				8808A9152B937C66004D7CE2 /* PresentationDetent.swift in Sources */,
				8823EB762B54FB510010A12F /* apiKey.swift in Sources */,
				887AC8CC2B49584400512852 /* WatchHistoryView.swift in Sources */,
				88C572332B53C8BD002FF07E /* SettingsView.swift in Sources */,
				88EEFDE82B72E12500A1F441 /* InboxTip.swift in Sources */,
				8898B67B2B481F5D00348D01 /* Subscription.swift in Sources */,
				888C49C02B5EC53C00CDEC76 /* KeyboardReadable.swift in Sources */,
				8813465E2B88A2A3005A4790 /* ChannelInfo.swift in Sources */,
				888C49C52B5FA75700CDEC76 /* UrlService.swift in Sources */,
				88DFC0C22B4489F3001895C8 /* Video.swift in Sources */,
				88FA62D82B8485EA00924959 /* PlayButton.swift in Sources */,
				881346602B88C988005A4790 /* CachedImageHolder.swift in Sources */,
				88D858502B55AB4D0047E0E6 /* DateTimeConversion.swift in Sources */,
				8804A3EF2B8B88A000D3F4F1 /* VideoListItemDetails.swift in Sources */,
				8845F0152B500E8A0086AA98 /* AllVideosView.swift in Sources */,
				8804A3ED2B8B6B5B00D3F4F1 /* DescriptionDetailView.swift in Sources */,
				8845F0192B50648D0086AA98 /* ChapterDescriptionView.swift in Sources */,
				88017FD72B96161B00192AEA /* DebugView.swift in Sources */,
				8808A9192B95116A004D7CE2 /* NewVideosNotificationInfo.swift in Sources */,
				888E1E042B70E84A00608F99 /* AnimationCompletionCallback.swift in Sources */,
				8898B6792B481F2100348D01 /* SubscriptionActor.swift in Sources */,
				88D858572B55AC3F0047E0E6 /* YtChannelId.swift in Sources */,
				88D438A52B45ACD800482F29 /* EmbeddedPlayerView.swift in Sources */,
				88D34D752B58F86800533B74 /* Alerter.swift in Sources */,
				88BABAC02B629505001FA0A4 /* ImageService.swift in Sources */,
				8811A4A72B540D8100799CB2 /* DataController.swift in Sources */,
				88250C612B49273100174C8D /* Date.swift in Sources */,
				88BABABC2B6290AC001FA0A4 /* CachedImage.swift in Sources */,
				888C49CB2B602B4500CDEC76 /* CapsulePicker.swift in Sources */,
				883CA8172B5BA94900028D52 /* SheetPositionReader.swift in Sources */,
				888E1E002B7000DA00608F99 /* BookmarkedVideosView.swift in Sources */,
				88BE6C312B723B9900456777 /* PlayerWebView.swift in Sources */,
				887AC8CA2B4955B200512852 /* WatchEntry.swift in Sources */,
				8891F0AD2B4E7E170098A3FB /* VideoActor+Videos.swift in Sources */,
				881E513B2B59D577006384E4 /* SubscriptionSorting.swift in Sources */,
				883CA8152B5B907000028D52 /* InnerHeightPreferenceChange.swift in Sources */,
				883CA81E2B5BD3ED00028D52 /* SubscribeManager.swift in Sources */,
				88D858532B55ABD50047E0E6 /* YtVideoInfo.swift in Sources */,
				883EE0982B7B422A00D0A83A /* AsyncSharableUrl.swift in Sources */,
				886E79B72B46E0F900554E1F /* QueueView.swift in Sources */,
				8808A9112B928CD8004D7CE2 /* ChapterList.swift in Sources */,
				888322522B872EE1004E2DE4 /* BrowserUrl.swift in Sources */,
				881E51422B5A6446006384E4 /* ShortsDetection.swift in Sources */,
				88C2052A2B517732008EC51D /* PlayerManager.swift in Sources */,
				8808A9172B93CDBA004D7CE2 /* NotificationManager.swift in Sources */,
				887AC8C62B49368F00512852 /* QueueEntry.swift in Sources */,
				8823EB782B5519C60010A12F /* SubStateOverview.swift in Sources */,
				887CA9452B52E72700E344EC /* AppShortcutsProvider.swift in Sources */,
				88BABABE2B62932C001FA0A4 /* CachedImageView.swift in Sources */,
				8804A3F22B8B898000D3F4F1 /* VideoListItemStatus.swift in Sources */,
				888C49C72B5FBF4E00CDEC76 /* SubscriptionInfoDetails.swift in Sources */,
				88BABAC22B630EF8001FA0A4 /* ImageCacheManager.swift in Sources */,
				8891F0B42B4EF3610098A3FB /* SideloadingView.swift in Sources */,
				88D29AED2B757E5700BDBFDF /* DebouncedText.swift in Sources */,
				88D858592B55AC820047E0E6 /* YtErrorResponseBody.swift in Sources */,
				88D438A92B45B27600482F29 /* VideoPlayer.swift in Sources */,
				883CA81B2B5BC81600028D52 /* RefreshManager.swift in Sources */,
				881E51392B59D555006384E4 /* LibraryNavListItem.swift in Sources */,
				88F1EE502B5D31D6009866A0 /* BrowserManager.swift in Sources */,
				883EE0962B7ABD5700D0A83A /* SleepTimerViewModel.swift in Sources */,
				88C205282B516D2A008EC51D /* ChapterListItem.swift in Sources */,
				8804A3F42B8B8D6E00D3F4F1 /* VideoPlayerFooter.swift in Sources */,
			);
			runOnlyForDeploymentPostprocessing = 0;
		};
/* End PBXSourcesBuildPhase section */

/* Begin XCBuildConfiguration section */
		88DFC0BA2B44843C001895C8 /* Debug */ = {
			isa = XCBuildConfiguration;
			buildSettings = {
				ALWAYS_SEARCH_USER_PATHS = NO;
				ASSETCATALOG_COMPILER_GENERATE_SWIFT_ASSET_SYMBOL_EXTENSIONS = YES;
				CLANG_ANALYZER_LOCALIZABILITY_NONLOCALIZED = YES;
				CLANG_ANALYZER_NONNULL = YES;
				CLANG_ANALYZER_NUMBER_OBJECT_CONVERSION = YES_AGGRESSIVE;
				CLANG_CXX_LANGUAGE_STANDARD = "gnu++20";
				CLANG_ENABLE_MODULES = YES;
				CLANG_ENABLE_OBJC_ARC = YES;
				CLANG_ENABLE_OBJC_WEAK = YES;
				CLANG_WARN_BLOCK_CAPTURE_AUTORELEASING = YES;
				CLANG_WARN_BOOL_CONVERSION = YES;
				CLANG_WARN_COMMA = YES;
				CLANG_WARN_CONSTANT_CONVERSION = YES;
				CLANG_WARN_DEPRECATED_OBJC_IMPLEMENTATIONS = YES;
				CLANG_WARN_DIRECT_OBJC_ISA_USAGE = YES_ERROR;
				CLANG_WARN_DOCUMENTATION_COMMENTS = YES;
				CLANG_WARN_EMPTY_BODY = YES;
				CLANG_WARN_ENUM_CONVERSION = YES;
				CLANG_WARN_INFINITE_RECURSION = YES;
				CLANG_WARN_INT_CONVERSION = YES;
				CLANG_WARN_NON_LITERAL_NULL_CONVERSION = YES;
				CLANG_WARN_OBJC_IMPLICIT_RETAIN_SELF = YES;
				CLANG_WARN_OBJC_LITERAL_CONVERSION = YES;
				CLANG_WARN_OBJC_ROOT_CLASS = YES_ERROR;
				CLANG_WARN_QUOTED_INCLUDE_IN_FRAMEWORK_HEADER = YES;
				CLANG_WARN_RANGE_LOOP_ANALYSIS = YES;
				CLANG_WARN_STRICT_PROTOTYPES = YES;
				CLANG_WARN_SUSPICIOUS_MOVE = YES;
				CLANG_WARN_UNGUARDED_AVAILABILITY = YES_AGGRESSIVE;
				CLANG_WARN_UNREACHABLE_CODE = YES;
				CLANG_WARN__DUPLICATE_METHOD_MATCH = YES;
				COPY_PHASE_STRIP = NO;
				DEBUG_INFORMATION_FORMAT = dwarf;
				ENABLE_STRICT_OBJC_MSGSEND = YES;
				ENABLE_TESTABILITY = YES;
				ENABLE_USER_SCRIPT_SANDBOXING = YES;
				GCC_C_LANGUAGE_STANDARD = gnu17;
				GCC_DYNAMIC_NO_PIC = NO;
				GCC_NO_COMMON_BLOCKS = YES;
				GCC_OPTIMIZATION_LEVEL = 0;
				GCC_PREPROCESSOR_DEFINITIONS = (
					"DEBUG=1",
					"$(inherited)",
				);
				GCC_WARN_64_TO_32_BIT_CONVERSION = YES;
				GCC_WARN_ABOUT_RETURN_TYPE = YES_ERROR;
				GCC_WARN_UNDECLARED_SELECTOR = YES;
				GCC_WARN_UNINITIALIZED_AUTOS = YES_AGGRESSIVE;
				GCC_WARN_UNUSED_FUNCTION = YES;
				GCC_WARN_UNUSED_VARIABLE = YES;
				IPHONEOS_DEPLOYMENT_TARGET = 17.2;
				LOCALIZATION_PREFERS_STRING_CATALOGS = YES;
				MTL_ENABLE_DEBUG_INFO = INCLUDE_SOURCE;
				MTL_FAST_MATH = YES;
				ONLY_ACTIVE_ARCH = YES;
				SWIFT_ACTIVE_COMPILATION_CONDITIONS = "DEBUG $(inherited)";
				SWIFT_OPTIMIZATION_LEVEL = "-Onone";
			};
			name = Debug;
		};
		88DFC0BB2B44843C001895C8 /* Release */ = {
			isa = XCBuildConfiguration;
			buildSettings = {
				ALWAYS_SEARCH_USER_PATHS = NO;
				ASSETCATALOG_COMPILER_GENERATE_SWIFT_ASSET_SYMBOL_EXTENSIONS = YES;
				CLANG_ANALYZER_LOCALIZABILITY_NONLOCALIZED = YES;
				CLANG_ANALYZER_NONNULL = YES;
				CLANG_ANALYZER_NUMBER_OBJECT_CONVERSION = YES_AGGRESSIVE;
				CLANG_CXX_LANGUAGE_STANDARD = "gnu++20";
				CLANG_ENABLE_MODULES = YES;
				CLANG_ENABLE_OBJC_ARC = YES;
				CLANG_ENABLE_OBJC_WEAK = YES;
				CLANG_WARN_BLOCK_CAPTURE_AUTORELEASING = YES;
				CLANG_WARN_BOOL_CONVERSION = YES;
				CLANG_WARN_COMMA = YES;
				CLANG_WARN_CONSTANT_CONVERSION = YES;
				CLANG_WARN_DEPRECATED_OBJC_IMPLEMENTATIONS = YES;
				CLANG_WARN_DIRECT_OBJC_ISA_USAGE = YES_ERROR;
				CLANG_WARN_DOCUMENTATION_COMMENTS = YES;
				CLANG_WARN_EMPTY_BODY = YES;
				CLANG_WARN_ENUM_CONVERSION = YES;
				CLANG_WARN_INFINITE_RECURSION = YES;
				CLANG_WARN_INT_CONVERSION = YES;
				CLANG_WARN_NON_LITERAL_NULL_CONVERSION = YES;
				CLANG_WARN_OBJC_IMPLICIT_RETAIN_SELF = YES;
				CLANG_WARN_OBJC_LITERAL_CONVERSION = YES;
				CLANG_WARN_OBJC_ROOT_CLASS = YES_ERROR;
				CLANG_WARN_QUOTED_INCLUDE_IN_FRAMEWORK_HEADER = YES;
				CLANG_WARN_RANGE_LOOP_ANALYSIS = YES;
				CLANG_WARN_STRICT_PROTOTYPES = YES;
				CLANG_WARN_SUSPICIOUS_MOVE = YES;
				CLANG_WARN_UNGUARDED_AVAILABILITY = YES_AGGRESSIVE;
				CLANG_WARN_UNREACHABLE_CODE = YES;
				CLANG_WARN__DUPLICATE_METHOD_MATCH = YES;
				COPY_PHASE_STRIP = NO;
				DEBUG_INFORMATION_FORMAT = "dwarf-with-dsym";
				ENABLE_NS_ASSERTIONS = NO;
				ENABLE_STRICT_OBJC_MSGSEND = YES;
				ENABLE_USER_SCRIPT_SANDBOXING = YES;
				GCC_C_LANGUAGE_STANDARD = gnu17;
				GCC_NO_COMMON_BLOCKS = YES;
				GCC_WARN_64_TO_32_BIT_CONVERSION = YES;
				GCC_WARN_ABOUT_RETURN_TYPE = YES_ERROR;
				GCC_WARN_UNDECLARED_SELECTOR = YES;
				GCC_WARN_UNINITIALIZED_AUTOS = YES_AGGRESSIVE;
				GCC_WARN_UNUSED_FUNCTION = YES;
				GCC_WARN_UNUSED_VARIABLE = YES;
				IPHONEOS_DEPLOYMENT_TARGET = 17.2;
				LOCALIZATION_PREFERS_STRING_CATALOGS = YES;
				MTL_ENABLE_DEBUG_INFO = NO;
				MTL_FAST_MATH = YES;
				SWIFT_COMPILATION_MODE = wholemodule;
			};
			name = Release;
		};
		88DFC0BD2B44843C001895C8 /* Debug */ = {
			isa = XCBuildConfiguration;
			buildSettings = {
				ASSETCATALOG_COMPILER_APPICON_NAME = AppIcon;
				ASSETCATALOG_COMPILER_GLOBAL_ACCENT_COLOR_NAME = AccentColor;
				CODE_SIGN_ENTITLEMENTS = Unwatched/Unwatched.entitlements;
				CODE_SIGN_STYLE = Automatic;
				CURRENT_PROJECT_VERSION = 37;
				DEVELOPMENT_ASSET_PATHS = "\"Unwatched/Preview Content\"";
				DEVELOPMENT_TEAM = HU6B6E9383;
				ENABLE_HARDENED_RUNTIME = YES;
				ENABLE_PREVIEWS = YES;
				ENABLE_USER_SCRIPT_SANDBOXING = NO;
				GENERATE_INFOPLIST_FILE = YES;
				INFOPLIST_FILE = Unwatched/Info.plist;
				INFOPLIST_KEY_CFBundleDisplayName = Unwatched;
				INFOPLIST_KEY_LSApplicationCategoryType = "public.app-category.entertainment";
				"INFOPLIST_KEY_UIApplicationSceneManifest_Generation[sdk=iphoneos*]" = YES;
				"INFOPLIST_KEY_UIApplicationSceneManifest_Generation[sdk=iphonesimulator*]" = YES;
				"INFOPLIST_KEY_UIApplicationSupportsIndirectInputEvents[sdk=iphoneos*]" = YES;
				"INFOPLIST_KEY_UIApplicationSupportsIndirectInputEvents[sdk=iphonesimulator*]" = YES;
				"INFOPLIST_KEY_UILaunchScreen_Generation[sdk=iphoneos*]" = YES;
				"INFOPLIST_KEY_UILaunchScreen_Generation[sdk=iphonesimulator*]" = YES;
				"INFOPLIST_KEY_UIStatusBarStyle[sdk=iphoneos*]" = UIStatusBarStyleDefault;
				"INFOPLIST_KEY_UIStatusBarStyle[sdk=iphonesimulator*]" = UIStatusBarStyleDefault;
				INFOPLIST_KEY_UISupportedInterfaceOrientations = "UIInterfaceOrientationLandscapeLeft UIInterfaceOrientationLandscapeRight UIInterfaceOrientationPortrait";
				INFOPLIST_KEY_UISupportedInterfaceOrientations_iPad = "UIInterfaceOrientationLandscapeLeft UIInterfaceOrientationLandscapeRight UIInterfaceOrientationPortrait UIInterfaceOrientationPortraitUpsideDown";
				IPHONEOS_DEPLOYMENT_TARGET = 17.2;
				LD_RUNPATH_SEARCH_PATHS = "@executable_path/Frameworks";
				"LD_RUNPATH_SEARCH_PATHS[sdk=macosx*]" = "@executable_path/../Frameworks";
				MACOSX_DEPLOYMENT_TARGET = "$(RECOMMENDED_MACOSX_DEPLOYMENT_TARGET)";
				MARKETING_VERSION = 1.0;
				PRODUCT_BUNDLE_IDENTIFIER = com.pentlandFirth.Unwatched;
				PRODUCT_NAME = "$(TARGET_NAME)";
				SDKROOT = auto;
				SUPPORTED_PLATFORMS = "iphoneos iphonesimulator";
				SUPPORTS_MACCATALYST = NO;
				SUPPORTS_MAC_DESIGNED_FOR_IPHONE_IPAD = YES;
				SWIFT_EMIT_LOC_STRINGS = YES;
				SWIFT_STRICT_CONCURRENCY = complete;
				SWIFT_VERSION = 5.0;
				TARGETED_DEVICE_FAMILY = "1,2";
			};
			name = Debug;
		};
		88DFC0BE2B44843C001895C8 /* Release */ = {
			isa = XCBuildConfiguration;
			buildSettings = {
				ASSETCATALOG_COMPILER_APPICON_NAME = AppIcon;
				ASSETCATALOG_COMPILER_GLOBAL_ACCENT_COLOR_NAME = AccentColor;
				CODE_SIGN_ENTITLEMENTS = Unwatched/Unwatched.entitlements;
				CODE_SIGN_STYLE = Automatic;
				CURRENT_PROJECT_VERSION = 37;
				DEVELOPMENT_ASSET_PATHS = "\"Unwatched/Preview Content\"";
				DEVELOPMENT_TEAM = HU6B6E9383;
				ENABLE_HARDENED_RUNTIME = YES;
				ENABLE_PREVIEWS = YES;
				ENABLE_USER_SCRIPT_SANDBOXING = NO;
				GENERATE_INFOPLIST_FILE = YES;
				INFOPLIST_FILE = Unwatched/Info.plist;
				INFOPLIST_KEY_CFBundleDisplayName = Unwatched;
				INFOPLIST_KEY_LSApplicationCategoryType = "public.app-category.entertainment";
				"INFOPLIST_KEY_UIApplicationSceneManifest_Generation[sdk=iphoneos*]" = YES;
				"INFOPLIST_KEY_UIApplicationSceneManifest_Generation[sdk=iphonesimulator*]" = YES;
				"INFOPLIST_KEY_UIApplicationSupportsIndirectInputEvents[sdk=iphoneos*]" = YES;
				"INFOPLIST_KEY_UIApplicationSupportsIndirectInputEvents[sdk=iphonesimulator*]" = YES;
				"INFOPLIST_KEY_UILaunchScreen_Generation[sdk=iphoneos*]" = YES;
				"INFOPLIST_KEY_UILaunchScreen_Generation[sdk=iphonesimulator*]" = YES;
				"INFOPLIST_KEY_UIStatusBarStyle[sdk=iphoneos*]" = UIStatusBarStyleDefault;
				"INFOPLIST_KEY_UIStatusBarStyle[sdk=iphonesimulator*]" = UIStatusBarStyleDefault;
				INFOPLIST_KEY_UISupportedInterfaceOrientations = "UIInterfaceOrientationLandscapeLeft UIInterfaceOrientationLandscapeRight UIInterfaceOrientationPortrait";
				INFOPLIST_KEY_UISupportedInterfaceOrientations_iPad = "UIInterfaceOrientationLandscapeLeft UIInterfaceOrientationLandscapeRight UIInterfaceOrientationPortrait UIInterfaceOrientationPortraitUpsideDown";
				IPHONEOS_DEPLOYMENT_TARGET = 17.2;
				LD_RUNPATH_SEARCH_PATHS = "@executable_path/Frameworks";
				"LD_RUNPATH_SEARCH_PATHS[sdk=macosx*]" = "@executable_path/../Frameworks";
				MACOSX_DEPLOYMENT_TARGET = "$(RECOMMENDED_MACOSX_DEPLOYMENT_TARGET)";
				MARKETING_VERSION = 1.0;
				PRODUCT_BUNDLE_IDENTIFIER = com.pentlandFirth.Unwatched;
				PRODUCT_NAME = "$(TARGET_NAME)";
				SDKROOT = auto;
				SUPPORTED_PLATFORMS = "iphoneos iphonesimulator";
				SUPPORTS_MACCATALYST = NO;
				SUPPORTS_MAC_DESIGNED_FOR_IPHONE_IPAD = YES;
				SWIFT_EMIT_LOC_STRINGS = YES;
				SWIFT_STRICT_CONCURRENCY = complete;
				SWIFT_VERSION = 5.0;
				TARGETED_DEVICE_FAMILY = "1,2";
			};
			name = Release;
		};
/* End XCBuildConfiguration section */

/* Begin XCConfigurationList section */
		88DFC0A62B44843A001895C8 /* Build configuration list for PBXProject "Unwatched" */ = {
			isa = XCConfigurationList;
			buildConfigurations = (
				88DFC0BA2B44843C001895C8 /* Debug */,
				88DFC0BB2B44843C001895C8 /* Release */,
			);
			defaultConfigurationIsVisible = 0;
			defaultConfigurationName = Release;
		};
		88DFC0BC2B44843C001895C8 /* Build configuration list for PBXNativeTarget "Unwatched" */ = {
			isa = XCConfigurationList;
			buildConfigurations = (
				88DFC0BD2B44843C001895C8 /* Debug */,
				88DFC0BE2B44843C001895C8 /* Release */,
			);
			defaultConfigurationIsVisible = 0;
			defaultConfigurationName = Release;
		};
/* End XCConfigurationList section */
	};
	rootObject = 88DFC0A32B44843A001895C8 /* Project object */;
}
